// !$*UTF8*$!
{
	archiveVersion = 1;
	classes = {
	};
	objectVersion = 50;
	objects = {

/* Begin PBXBuildFile section */
		0D2C6C532B14334100117C39 /* WeatherUIDelegate.swift in Sources */ = {isa = PBXBuildFile; fileRef = 0D2C6C522B14334100117C39 /* WeatherUIDelegate.swift */; };
		0D3814C12B0B4F4A00B7E0DD /* CurrentWeather.swift in Sources */ = {isa = PBXBuildFile; fileRef = 0D3814C02B0B4F4A00B7E0DD /* CurrentWeather.swift */; };
		0D3814C32B0B4F5600B7E0DD /* WeatherForecast.swift in Sources */ = {isa = PBXBuildFile; fileRef = 0D3814C22B0B4F5600B7E0DD /* WeatherForecast.swift */; };
		0D3814C52B0B4FC400B7E0DD /* WeatherBases.swift in Sources */ = {isa = PBXBuildFile; fileRef = 0D3814C42B0B4FC400B7E0DD /* WeatherBases.swift */; };
		0D794B7C2B2825AA00CB2018 /* Date.swift in Sources */ = {isa = PBXBuildFile; fileRef = 0D794B7B2B2825AA00CB2018 /* Date.swift */; };
		0DB920A32B22DC2B004D228D /* ImageCache.swift in Sources */ = {isa = PBXBuildFile; fileRef = 0DB920A22B22DC2B004D228D /* ImageCache.swift */; };
		37376FAE2B197A8A009A09BC /* WeatherCollectionViewCell.swift in Sources */ = {isa = PBXBuildFile; fileRef = 37376FAD2B197A8A009A09BC /* WeatherCollectionViewCell.swift */; };
		37376FB02B19C982009A09BC /* WeatherHeaderCollectionViewCell.swift in Sources */ = {isa = PBXBuildFile; fileRef = 37376FAF2B19C982009A09BC /* WeatherHeaderCollectionViewCell.swift */; };
		3743ADFE2B10ADF00086FC31 /* WeatherLocationManager.swift in Sources */ = {isa = PBXBuildFile; fileRef = 3743ADFD2B10ADF00086FC31 /* WeatherLocationManager.swift */; };
		378007842B0B5930009F6A2C /* APIKey.plist in Resources */ = {isa = PBXBuildFile; fileRef = 378007832B0B5930009F6A2C /* APIKey.plist */; };
		378007862B0B59E2009F6A2C /* WeatherURLManager.swift in Sources */ = {isa = PBXBuildFile; fileRef = 378007852B0B59E2009F6A2C /* WeatherURLManager.swift */; };
		37805F2D2B1D636F00CF2976 /* UIViewComponentsConvenienceInitializers.swift in Sources */ = {isa = PBXBuildFile; fileRef = 37805F2C2B1D636F00CF2976 /* UIViewComponentsConvenienceInitializers.swift */; };
		37AA4CBA2B0DC66D001A8E90 /* HTTPClient.swift in Sources */ = {isa = PBXBuildFile; fileRef = 37AA4CB92B0DC66D001A8E90 /* HTTPClient.swift */; };
		37AA4CBC2B0DC79B001A8E90 /* WeatherHTTPClient.swift in Sources */ = {isa = PBXBuildFile; fileRef = 37AA4CBB2B0DC79B001A8E90 /* WeatherHTTPClient.swift */; };
		37AA4CC22B0DE010001A8E90 /* Errors.swift in Sources */ = {isa = PBXBuildFile; fileRef = 37AA4CC12B0DE010001A8E90 /* Errors.swift */; };
		37C96B942B26A58E00439641 /* Double.swift in Sources */ = {isa = PBXBuildFile; fileRef = 37C96B932B26A58E00439641 /* Double.swift */; };
		C79C8CF425ADDDF200EEE3F1 /* AppDelegate.swift in Sources */ = {isa = PBXBuildFile; fileRef = C79C8CF325ADDDF200EEE3F1 /* AppDelegate.swift */; };
		C79C8CF625ADDDF200EEE3F1 /* SceneDelegate.swift in Sources */ = {isa = PBXBuildFile; fileRef = C79C8CF525ADDDF200EEE3F1 /* SceneDelegate.swift */; };
		C79C8CF825ADDDF200EEE3F1 /* ViewController.swift in Sources */ = {isa = PBXBuildFile; fileRef = C79C8CF725ADDDF200EEE3F1 /* ViewController.swift */; };
		C79C8CFB25ADDDF200EEE3F1 /* Main.storyboard in Resources */ = {isa = PBXBuildFile; fileRef = C79C8CF925ADDDF200EEE3F1 /* Main.storyboard */; };
		C79C8CFD25ADDDF300EEE3F1 /* Assets.xcassets in Resources */ = {isa = PBXBuildFile; fileRef = C79C8CFC25ADDDF300EEE3F1 /* Assets.xcassets */; };
		C79C8D0025ADDDF300EEE3F1 /* LaunchScreen.storyboard in Resources */ = {isa = PBXBuildFile; fileRef = C79C8CFE25ADDDF300EEE3F1 /* LaunchScreen.storyboard */; };
		C79C8D0B25ADDDF400EEE3F1 /* WeatherForecastTests.swift in Sources */ = {isa = PBXBuildFile; fileRef = C79C8D0A25ADDDF400EEE3F1 /* WeatherForecastTests.swift */; };
		C79C8D1625ADDDF400EEE3F1 /* WeatherForecastUITests.swift in Sources */ = {isa = PBXBuildFile; fileRef = C79C8D1525ADDDF400EEE3F1 /* WeatherForecastUITests.swift */; };
/* End PBXBuildFile section */

/* Begin PBXContainerItemProxy section */
		C79C8D0725ADDDF400EEE3F1 /* PBXContainerItemProxy */ = {
			isa = PBXContainerItemProxy;
			containerPortal = C79C8CE825ADDDF200EEE3F1 /* Project object */;
			proxyType = 1;
			remoteGlobalIDString = C79C8CEF25ADDDF200EEE3F1;
			remoteInfo = WeatherForecast;
		};
		C79C8D1225ADDDF400EEE3F1 /* PBXContainerItemProxy */ = {
			isa = PBXContainerItemProxy;
			containerPortal = C79C8CE825ADDDF200EEE3F1 /* Project object */;
			proxyType = 1;
			remoteGlobalIDString = C79C8CEF25ADDDF200EEE3F1;
			remoteInfo = WeatherForecast;
		};
/* End PBXContainerItemProxy section */

/* Begin PBXFileReference section */
		0D2C6C522B14334100117C39 /* WeatherUIDelegate.swift */ = {isa = PBXFileReference; lastKnownFileType = sourcecode.swift; path = WeatherUIDelegate.swift; sourceTree = "<group>"; };
		0D3814C02B0B4F4A00B7E0DD /* CurrentWeather.swift */ = {isa = PBXFileReference; lastKnownFileType = sourcecode.swift; path = CurrentWeather.swift; sourceTree = "<group>"; };
		0D3814C22B0B4F5600B7E0DD /* WeatherForecast.swift */ = {isa = PBXFileReference; lastKnownFileType = sourcecode.swift; path = WeatherForecast.swift; sourceTree = "<group>"; };
		0D3814C42B0B4FC400B7E0DD /* WeatherBases.swift */ = {isa = PBXFileReference; lastKnownFileType = sourcecode.swift; path = WeatherBases.swift; sourceTree = "<group>"; };
		0D794B7B2B2825AA00CB2018 /* Date.swift */ = {isa = PBXFileReference; lastKnownFileType = sourcecode.swift; path = Date.swift; sourceTree = "<group>"; };
		0DB920A22B22DC2B004D228D /* ImageCache.swift */ = {isa = PBXFileReference; lastKnownFileType = sourcecode.swift; path = ImageCache.swift; sourceTree = "<group>"; };
		37376FAD2B197A8A009A09BC /* WeatherCollectionViewCell.swift */ = {isa = PBXFileReference; lastKnownFileType = sourcecode.swift; path = WeatherCollectionViewCell.swift; sourceTree = "<group>"; };
		37376FAF2B19C982009A09BC /* WeatherHeaderCollectionViewCell.swift */ = {isa = PBXFileReference; lastKnownFileType = sourcecode.swift; path = WeatherHeaderCollectionViewCell.swift; sourceTree = "<group>"; };
		3743ADFD2B10ADF00086FC31 /* WeatherLocationManager.swift */ = {isa = PBXFileReference; lastKnownFileType = sourcecode.swift; path = WeatherLocationManager.swift; sourceTree = "<group>"; };
		378007832B0B5930009F6A2C /* APIKey.plist */ = {isa = PBXFileReference; lastKnownFileType = text.plist.xml; path = APIKey.plist; sourceTree = "<group>"; };
		378007852B0B59E2009F6A2C /* WeatherURLManager.swift */ = {isa = PBXFileReference; lastKnownFileType = sourcecode.swift; path = WeatherURLManager.swift; sourceTree = "<group>"; };
		37805F2C2B1D636F00CF2976 /* UIViewComponentsConvenienceInitializers.swift */ = {isa = PBXFileReference; lastKnownFileType = sourcecode.swift; path = UIViewComponentsConvenienceInitializers.swift; sourceTree = "<group>"; };
		37AA4CB92B0DC66D001A8E90 /* HTTPClient.swift */ = {isa = PBXFileReference; lastKnownFileType = sourcecode.swift; path = HTTPClient.swift; sourceTree = "<group>"; };
		37AA4CBB2B0DC79B001A8E90 /* WeatherHTTPClient.swift */ = {isa = PBXFileReference; lastKnownFileType = sourcecode.swift; path = WeatherHTTPClient.swift; sourceTree = "<group>"; };
		37AA4CC12B0DE010001A8E90 /* Errors.swift */ = {isa = PBXFileReference; lastKnownFileType = sourcecode.swift; path = Errors.swift; sourceTree = "<group>"; };
		37C96B932B26A58E00439641 /* Double.swift */ = {isa = PBXFileReference; lastKnownFileType = sourcecode.swift; path = Double.swift; sourceTree = "<group>"; };
		C79C8CF025ADDDF200EEE3F1 /* WeatherForecast.app */ = {isa = PBXFileReference; explicitFileType = wrapper.application; includeInIndex = 0; path = WeatherForecast.app; sourceTree = BUILT_PRODUCTS_DIR; };
		C79C8CF325ADDDF200EEE3F1 /* AppDelegate.swift */ = {isa = PBXFileReference; lastKnownFileType = sourcecode.swift; path = AppDelegate.swift; sourceTree = "<group>"; };
		C79C8CF525ADDDF200EEE3F1 /* SceneDelegate.swift */ = {isa = PBXFileReference; lastKnownFileType = sourcecode.swift; path = SceneDelegate.swift; sourceTree = "<group>"; };
		C79C8CF725ADDDF200EEE3F1 /* ViewController.swift */ = {isa = PBXFileReference; lastKnownFileType = sourcecode.swift; path = ViewController.swift; sourceTree = "<group>"; };
		C79C8CFA25ADDDF200EEE3F1 /* Base */ = {isa = PBXFileReference; lastKnownFileType = file.storyboard; name = Base; path = Base.lproj/Main.storyboard; sourceTree = "<group>"; };
		C79C8CFC25ADDDF300EEE3F1 /* Assets.xcassets */ = {isa = PBXFileReference; lastKnownFileType = folder.assetcatalog; path = Assets.xcassets; sourceTree = "<group>"; };
		C79C8CFF25ADDDF300EEE3F1 /* Base */ = {isa = PBXFileReference; lastKnownFileType = file.storyboard; name = Base; path = Base.lproj/LaunchScreen.storyboard; sourceTree = "<group>"; };
		C79C8D0125ADDDF300EEE3F1 /* Info.plist */ = {isa = PBXFileReference; lastKnownFileType = text.plist.xml; path = Info.plist; sourceTree = "<group>"; };
		C79C8D0625ADDDF400EEE3F1 /* WeatherForecastTests.xctest */ = {isa = PBXFileReference; explicitFileType = wrapper.cfbundle; includeInIndex = 0; path = WeatherForecastTests.xctest; sourceTree = BUILT_PRODUCTS_DIR; };
		C79C8D0A25ADDDF400EEE3F1 /* WeatherForecastTests.swift */ = {isa = PBXFileReference; lastKnownFileType = sourcecode.swift; path = WeatherForecastTests.swift; sourceTree = "<group>"; };
		C79C8D0C25ADDDF400EEE3F1 /* Info.plist */ = {isa = PBXFileReference; lastKnownFileType = text.plist.xml; path = Info.plist; sourceTree = "<group>"; };
		C79C8D1125ADDDF400EEE3F1 /* WeatherForecastUITests.xctest */ = {isa = PBXFileReference; explicitFileType = wrapper.cfbundle; includeInIndex = 0; path = WeatherForecastUITests.xctest; sourceTree = BUILT_PRODUCTS_DIR; };
		C79C8D1525ADDDF400EEE3F1 /* WeatherForecastUITests.swift */ = {isa = PBXFileReference; lastKnownFileType = sourcecode.swift; path = WeatherForecastUITests.swift; sourceTree = "<group>"; };
		C79C8D1725ADDDF400EEE3F1 /* Info.plist */ = {isa = PBXFileReference; lastKnownFileType = text.plist.xml; path = Info.plist; sourceTree = "<group>"; };
/* End PBXFileReference section */

/* Begin PBXFrameworksBuildPhase section */
		C79C8CED25ADDDF200EEE3F1 /* Frameworks */ = {
			isa = PBXFrameworksBuildPhase;
			buildActionMask = 2147483647;
			files = (
			);
			runOnlyForDeploymentPostprocessing = 0;
		};
		C79C8D0325ADDDF400EEE3F1 /* Frameworks */ = {
			isa = PBXFrameworksBuildPhase;
			buildActionMask = 2147483647;
			files = (
			);
			runOnlyForDeploymentPostprocessing = 0;
		};
		C79C8D0E25ADDDF400EEE3F1 /* Frameworks */ = {
			isa = PBXFrameworksBuildPhase;
			buildActionMask = 2147483647;
			files = (
			);
			runOnlyForDeploymentPostprocessing = 0;
		};
/* End PBXFrameworksBuildPhase section */

/* Begin PBXGroup section */
		0D2C6C512B14332600117C39 /* Protocols */ = {
			isa = PBXGroup;
			children = (
				0D2C6C522B14334100117C39 /* WeatherUIDelegate.swift */,
			);
			path = Protocols;
			sourceTree = "<group>";
		};
		0D3814BF2B0B4F1100B7E0DD /* Models */ = {
			isa = PBXGroup;
			children = (
				0D3814C02B0B4F4A00B7E0DD /* CurrentWeather.swift */,
				0D3814C22B0B4F5600B7E0DD /* WeatherForecast.swift */,
				0D3814C42B0B4FC400B7E0DD /* WeatherBases.swift */,
			);
			path = Models;
			sourceTree = "<group>";
		};
		37376FAC2B197A38009A09BC /* Views */ = {
			isa = PBXGroup;
			children = (
				C79C8CF725ADDDF200EEE3F1 /* ViewController.swift */,
				37376FAD2B197A8A009A09BC /* WeatherCollectionViewCell.swift */,
				37376FAF2B19C982009A09BC /* WeatherHeaderCollectionViewCell.swift */,
			);
			path = Views;
			sourceTree = "<group>";
		};
		37AA4CB82B0DC64D001A8E90 /* Extensions */ = {
			isa = PBXGroup;
			children = (
				37AA4CB92B0DC66D001A8E90 /* HTTPClient.swift */,
				37805F2C2B1D636F00CF2976 /* UIViewComponentsConvenienceInitializers.swift */,
				37C96B932B26A58E00439641 /* Double.swift */,
				0D794B7B2B2825AA00CB2018 /* Date.swift */,
			);
			path = Extensions;
			sourceTree = "<group>";
		};
		37AA4CBF2B0DDF54001A8E90 /* Networks */ = {
			isa = PBXGroup;
			children = (
				378007852B0B59E2009F6A2C /* WeatherURLManager.swift */,
				37AA4CBB2B0DC79B001A8E90 /* WeatherHTTPClient.swift */,
			);
			path = Networks;
			sourceTree = "<group>";
		};
		37AA4CC02B0DDFF8001A8E90 /* Utils */ = {
			isa = PBXGroup;
			children = (
				37AA4CC12B0DE010001A8E90 /* Errors.swift */,
				3743ADFD2B10ADF00086FC31 /* WeatherLocationManager.swift */,
				0DB920A22B22DC2B004D228D /* ImageCache.swift */,
			);
			path = Utils;
			sourceTree = "<group>";
		};
		C79C8CE725ADDDF200EEE3F1 = {
			isa = PBXGroup;
			children = (
				C79C8CF225ADDDF200EEE3F1 /* WeatherForecast */,
				C79C8D0925ADDDF400EEE3F1 /* WeatherForecastTests */,
				C79C8D1425ADDDF400EEE3F1 /* WeatherForecastUITests */,
				C79C8CF125ADDDF200EEE3F1 /* Products */,
			);
			sourceTree = "<group>";
		};
		C79C8CF125ADDDF200EEE3F1 /* Products */ = {
			isa = PBXGroup;
			children = (
				C79C8CF025ADDDF200EEE3F1 /* WeatherForecast.app */,
				C79C8D0625ADDDF400EEE3F1 /* WeatherForecastTests.xctest */,
				C79C8D1125ADDDF400EEE3F1 /* WeatherForecastUITests.xctest */,
			);
			name = Products;
			sourceTree = "<group>";
		};
		C79C8CF225ADDDF200EEE3F1 /* WeatherForecast */ = {
			isa = PBXGroup;
			children = (
				0D2C6C512B14332600117C39 /* Protocols */,
				37AA4CC02B0DDFF8001A8E90 /* Utils */,
				37AA4CBF2B0DDF54001A8E90 /* Networks */,
				37AA4CB82B0DC64D001A8E90 /* Extensions */,
				0D3814BF2B0B4F1100B7E0DD /* Models */,
				37376FAC2B197A38009A09BC /* Views */,
				C79C8CF325ADDDF200EEE3F1 /* AppDelegate.swift */,
				C79C8CF525ADDDF200EEE3F1 /* SceneDelegate.swift */,
				C79C8CF925ADDDF200EEE3F1 /* Main.storyboard */,
				C79C8CFC25ADDDF300EEE3F1 /* Assets.xcassets */,
				C79C8CFE25ADDDF300EEE3F1 /* LaunchScreen.storyboard */,
				C79C8D0125ADDDF300EEE3F1 /* Info.plist */,
				378007832B0B5930009F6A2C /* APIKey.plist */,
			);
			path = WeatherForecast;
			sourceTree = "<group>";
		};
		C79C8D0925ADDDF400EEE3F1 /* WeatherForecastTests */ = {
			isa = PBXGroup;
			children = (
				C79C8D0A25ADDDF400EEE3F1 /* WeatherForecastTests.swift */,
				C79C8D0C25ADDDF400EEE3F1 /* Info.plist */,
			);
			path = WeatherForecastTests;
			sourceTree = "<group>";
		};
		C79C8D1425ADDDF400EEE3F1 /* WeatherForecastUITests */ = {
			isa = PBXGroup;
			children = (
				C79C8D1525ADDDF400EEE3F1 /* WeatherForecastUITests.swift */,
				C79C8D1725ADDDF400EEE3F1 /* Info.plist */,
			);
			path = WeatherForecastUITests;
			sourceTree = "<group>";
		};
/* End PBXGroup section */

/* Begin PBXNativeTarget section */
		C79C8CEF25ADDDF200EEE3F1 /* WeatherForecast */ = {
			isa = PBXNativeTarget;
			buildConfigurationList = C79C8D1A25ADDDF400EEE3F1 /* Build configuration list for PBXNativeTarget "WeatherForecast" */;
			buildPhases = (
				C79C8CEC25ADDDF200EEE3F1 /* Sources */,
				C79C8CED25ADDDF200EEE3F1 /* Frameworks */,
				C79C8CEE25ADDDF200EEE3F1 /* Resources */,
			);
			buildRules = (
			);
			dependencies = (
			);
			name = WeatherForecast;
			productName = WeatherForecast;
			productReference = C79C8CF025ADDDF200EEE3F1 /* WeatherForecast.app */;
			productType = "com.apple.product-type.application";
		};
		C79C8D0525ADDDF400EEE3F1 /* WeatherForecastTests */ = {
			isa = PBXNativeTarget;
			buildConfigurationList = C79C8D1D25ADDDF400EEE3F1 /* Build configuration list for PBXNativeTarget "WeatherForecastTests" */;
			buildPhases = (
				C79C8D0225ADDDF400EEE3F1 /* Sources */,
				C79C8D0325ADDDF400EEE3F1 /* Frameworks */,
				C79C8D0425ADDDF400EEE3F1 /* Resources */,
			);
			buildRules = (
			);
			dependencies = (
				C79C8D0825ADDDF400EEE3F1 /* PBXTargetDependency */,
			);
			name = WeatherForecastTests;
			productName = WeatherForecastTests;
			productReference = C79C8D0625ADDDF400EEE3F1 /* WeatherForecastTests.xctest */;
			productType = "com.apple.product-type.bundle.unit-test";
		};
		C79C8D1025ADDDF400EEE3F1 /* WeatherForecastUITests */ = {
			isa = PBXNativeTarget;
			buildConfigurationList = C79C8D2025ADDDF400EEE3F1 /* Build configuration list for PBXNativeTarget "WeatherForecastUITests" */;
			buildPhases = (
				C79C8D0D25ADDDF400EEE3F1 /* Sources */,
				C79C8D0E25ADDDF400EEE3F1 /* Frameworks */,
				C79C8D0F25ADDDF400EEE3F1 /* Resources */,
			);
			buildRules = (
			);
			dependencies = (
				C79C8D1325ADDDF400EEE3F1 /* PBXTargetDependency */,
			);
			name = WeatherForecastUITests;
			productName = WeatherForecastUITests;
			productReference = C79C8D1125ADDDF400EEE3F1 /* WeatherForecastUITests.xctest */;
			productType = "com.apple.product-type.bundle.ui-testing";
		};
/* End PBXNativeTarget section */

/* Begin PBXProject section */
		C79C8CE825ADDDF200EEE3F1 /* Project object */ = {
			isa = PBXProject;
			attributes = {
				LastSwiftUpdateCheck = 1230;
				LastUpgradeCheck = 1230;
				TargetAttributes = {
					C79C8CEF25ADDDF200EEE3F1 = {
						CreatedOnToolsVersion = 12.3;
					};
					C79C8D0525ADDDF400EEE3F1 = {
						CreatedOnToolsVersion = 12.3;
						TestTargetID = C79C8CEF25ADDDF200EEE3F1;
					};
					C79C8D1025ADDDF400EEE3F1 = {
						CreatedOnToolsVersion = 12.3;
						TestTargetID = C79C8CEF25ADDDF200EEE3F1;
					};
				};
			};
			buildConfigurationList = C79C8CEB25ADDDF200EEE3F1 /* Build configuration list for PBXProject "WeatherForecast" */;
			compatibilityVersion = "Xcode 9.3";
			developmentRegion = en;
			hasScannedForEncodings = 0;
			knownRegions = (
				en,
				Base,
			);
			mainGroup = C79C8CE725ADDDF200EEE3F1;
			productRefGroup = C79C8CF125ADDDF200EEE3F1 /* Products */;
			projectDirPath = "";
			projectRoot = "";
			targets = (
				C79C8CEF25ADDDF200EEE3F1 /* WeatherForecast */,
				C79C8D0525ADDDF400EEE3F1 /* WeatherForecastTests */,
				C79C8D1025ADDDF400EEE3F1 /* WeatherForecastUITests */,
			);
		};
/* End PBXProject section */

/* Begin PBXResourcesBuildPhase section */
		C79C8CEE25ADDDF200EEE3F1 /* Resources */ = {
			isa = PBXResourcesBuildPhase;
			buildActionMask = 2147483647;
			files = (
				C79C8D0025ADDDF300EEE3F1 /* LaunchScreen.storyboard in Resources */,
				378007842B0B5930009F6A2C /* APIKey.plist in Resources */,
				C79C8CFD25ADDDF300EEE3F1 /* Assets.xcassets in Resources */,
				C79C8CFB25ADDDF200EEE3F1 /* Main.storyboard in Resources */,
			);
			runOnlyForDeploymentPostprocessing = 0;
		};
		C79C8D0425ADDDF400EEE3F1 /* Resources */ = {
			isa = PBXResourcesBuildPhase;
			buildActionMask = 2147483647;
			files = (
			);
			runOnlyForDeploymentPostprocessing = 0;
		};
		C79C8D0F25ADDDF400EEE3F1 /* Resources */ = {
			isa = PBXResourcesBuildPhase;
			buildActionMask = 2147483647;
			files = (
			);
			runOnlyForDeploymentPostprocessing = 0;
		};
/* End PBXResourcesBuildPhase section */

/* Begin PBXSourcesBuildPhase section */
		C79C8CEC25ADDDF200EEE3F1 /* Sources */ = {
			isa = PBXSourcesBuildPhase;
			buildActionMask = 2147483647;
			files = (
				37C96B942B26A58E00439641 /* Double.swift in Sources */,
				C79C8CF825ADDDF200EEE3F1 /* ViewController.swift in Sources */,
				0D3814C32B0B4F5600B7E0DD /* WeatherForecast.swift in Sources */,
				0DB920A32B22DC2B004D228D /* ImageCache.swift in Sources */,
				37AA4CBC2B0DC79B001A8E90 /* WeatherHTTPClient.swift in Sources */,
				3743ADFE2B10ADF00086FC31 /* WeatherLocationManager.swift in Sources */,
				37AA4CBA2B0DC66D001A8E90 /* HTTPClient.swift in Sources */,
				0D794B7C2B2825AA00CB2018 /* Date.swift in Sources */,
				C79C8CF425ADDDF200EEE3F1 /* AppDelegate.swift in Sources */,
				0D3814C52B0B4FC400B7E0DD /* WeatherBases.swift in Sources */,
				0D2C6C532B14334100117C39 /* WeatherUIDelegate.swift in Sources */,
				37376FB02B19C982009A09BC /* WeatherHeaderCollectionViewCell.swift in Sources */,
				37AA4CC22B0DE010001A8E90 /* Errors.swift in Sources */,
				37805F2D2B1D636F00CF2976 /* UIViewComponentsConvenienceInitializers.swift in Sources */,
				378007862B0B59E2009F6A2C /* WeatherURLManager.swift in Sources */,
				0D3814C12B0B4F4A00B7E0DD /* CurrentWeather.swift in Sources */,
				37376FAE2B197A8A009A09BC /* WeatherCollectionViewCell.swift in Sources */,
				C79C8CF625ADDDF200EEE3F1 /* SceneDelegate.swift in Sources */,
			);
			runOnlyForDeploymentPostprocessing = 0;
		};
		C79C8D0225ADDDF400EEE3F1 /* Sources */ = {
			isa = PBXSourcesBuildPhase;
			buildActionMask = 2147483647;
			files = (
				C79C8D0B25ADDDF400EEE3F1 /* WeatherForecastTests.swift in Sources */,
			);
			runOnlyForDeploymentPostprocessing = 0;
		};
		C79C8D0D25ADDDF400EEE3F1 /* Sources */ = {
			isa = PBXSourcesBuildPhase;
			buildActionMask = 2147483647;
			files = (
				C79C8D1625ADDDF400EEE3F1 /* WeatherForecastUITests.swift in Sources */,
			);
			runOnlyForDeploymentPostprocessing = 0;
		};
/* End PBXSourcesBuildPhase section */

/* Begin PBXTargetDependency section */
		C79C8D0825ADDDF400EEE3F1 /* PBXTargetDependency */ = {
			isa = PBXTargetDependency;
			target = C79C8CEF25ADDDF200EEE3F1 /* WeatherForecast */;
			targetProxy = C79C8D0725ADDDF400EEE3F1 /* PBXContainerItemProxy */;
		};
		C79C8D1325ADDDF400EEE3F1 /* PBXTargetDependency */ = {
			isa = PBXTargetDependency;
			target = C79C8CEF25ADDDF200EEE3F1 /* WeatherForecast */;
			targetProxy = C79C8D1225ADDDF400EEE3F1 /* PBXContainerItemProxy */;
		};
/* End PBXTargetDependency section */

/* Begin PBXVariantGroup section */
		C79C8CF925ADDDF200EEE3F1 /* Main.storyboard */ = {
			isa = PBXVariantGroup;
			children = (
				C79C8CFA25ADDDF200EEE3F1 /* Base */,
			);
			name = Main.storyboard;
			sourceTree = "<group>";
		};
		C79C8CFE25ADDDF300EEE3F1 /* LaunchScreen.storyboard */ = {
			isa = PBXVariantGroup;
			children = (
				C79C8CFF25ADDDF300EEE3F1 /* Base */,
			);
			name = LaunchScreen.storyboard;
			sourceTree = "<group>";
		};
/* End PBXVariantGroup section */

/* Begin XCBuildConfiguration section */
		C79C8D1825ADDDF400EEE3F1 /* Debug */ = {
			isa = XCBuildConfiguration;
			buildSettings = {
				ALWAYS_SEARCH_USER_PATHS = NO;
				CLANG_ANALYZER_NONNULL = YES;
				CLANG_ANALYZER_NUMBER_OBJECT_CONVERSION = YES_AGGRESSIVE;
				CLANG_CXX_LANGUAGE_STANDARD = "gnu++14";
				CLANG_CXX_LIBRARY = "libc++";
				CLANG_ENABLE_MODULES = YES;
				CLANG_ENABLE_OBJC_ARC = YES;
				CLANG_ENABLE_OBJC_WEAK = YES;
				CLANG_WARN_BLOCK_CAPTURE_AUTORELEASING = YES;
				CLANG_WARN_BOOL_CONVERSION = YES;
				CLANG_WARN_COMMA = YES;
				CLANG_WARN_CONSTANT_CONVERSION = YES;
				CLANG_WARN_DEPRECATED_OBJC_IMPLEMENTATIONS = YES;
				CLANG_WARN_DIRECT_OBJC_ISA_USAGE = YES_ERROR;
				CLANG_WARN_DOCUMENTATION_COMMENTS = YES;
				CLANG_WARN_EMPTY_BODY = YES;
				CLANG_WARN_ENUM_CONVERSION = YES;
				CLANG_WARN_INFINITE_RECURSION = YES;
				CLANG_WARN_INT_CONVERSION = YES;
				CLANG_WARN_NON_LITERAL_NULL_CONVERSION = YES;
				CLANG_WARN_OBJC_IMPLICIT_RETAIN_SELF = YES;
				CLANG_WARN_OBJC_LITERAL_CONVERSION = YES;
				CLANG_WARN_OBJC_ROOT_CLASS = YES_ERROR;
				CLANG_WARN_QUOTED_INCLUDE_IN_FRAMEWORK_HEADER = YES;
				CLANG_WARN_RANGE_LOOP_ANALYSIS = YES;
				CLANG_WARN_STRICT_PROTOTYPES = YES;
				CLANG_WARN_SUSPICIOUS_MOVE = YES;
				CLANG_WARN_UNGUARDED_AVAILABILITY = YES_AGGRESSIVE;
				CLANG_WARN_UNREACHABLE_CODE = YES;
				CLANG_WARN__DUPLICATE_METHOD_MATCH = YES;
				COPY_PHASE_STRIP = NO;
				DEBUG_INFORMATION_FORMAT = dwarf;
				ENABLE_STRICT_OBJC_MSGSEND = YES;
				ENABLE_TESTABILITY = YES;
				GCC_C_LANGUAGE_STANDARD = gnu11;
				GCC_DYNAMIC_NO_PIC = NO;
				GCC_NO_COMMON_BLOCKS = YES;
				GCC_OPTIMIZATION_LEVEL = 0;
				GCC_PREPROCESSOR_DEFINITIONS = (
					"DEBUG=1",
					"$(inherited)",
				);
				GCC_WARN_64_TO_32_BIT_CONVERSION = YES;
				GCC_WARN_ABOUT_RETURN_TYPE = YES_ERROR;
				GCC_WARN_UNDECLARED_SELECTOR = YES;
				GCC_WARN_UNINITIALIZED_AUTOS = YES_AGGRESSIVE;
				GCC_WARN_UNUSED_FUNCTION = YES;
				GCC_WARN_UNUSED_VARIABLE = YES;
				IPHONEOS_DEPLOYMENT_TARGET = 17.0;
				MTL_ENABLE_DEBUG_INFO = INCLUDE_SOURCE;
				MTL_FAST_MATH = YES;
				ONLY_ACTIVE_ARCH = YES;
				SDKROOT = iphoneos;
				SWIFT_ACTIVE_COMPILATION_CONDITIONS = DEBUG;
				SWIFT_OPTIMIZATION_LEVEL = "-Onone";
			};
			name = Debug;
		};
		C79C8D1925ADDDF400EEE3F1 /* Release */ = {
			isa = XCBuildConfiguration;
			buildSettings = {
				ALWAYS_SEARCH_USER_PATHS = NO;
				CLANG_ANALYZER_NONNULL = YES;
				CLANG_ANALYZER_NUMBER_OBJECT_CONVERSION = YES_AGGRESSIVE;
				CLANG_CXX_LANGUAGE_STANDARD = "gnu++14";
				CLANG_CXX_LIBRARY = "libc++";
				CLANG_ENABLE_MODULES = YES;
				CLANG_ENABLE_OBJC_ARC = YES;
				CLANG_ENABLE_OBJC_WEAK = YES;
				CLANG_WARN_BLOCK_CAPTURE_AUTORELEASING = YES;
				CLANG_WARN_BOOL_CONVERSION = YES;
				CLANG_WARN_COMMA = YES;
				CLANG_WARN_CONSTANT_CONVERSION = YES;
				CLANG_WARN_DEPRECATED_OBJC_IMPLEMENTATIONS = YES;
				CLANG_WARN_DIRECT_OBJC_ISA_USAGE = YES_ERROR;
				CLANG_WARN_DOCUMENTATION_COMMENTS = YES;
				CLANG_WARN_EMPTY_BODY = YES;
				CLANG_WARN_ENUM_CONVERSION = YES;
				CLANG_WARN_INFINITE_RECURSION = YES;
				CLANG_WARN_INT_CONVERSION = YES;
				CLANG_WARN_NON_LITERAL_NULL_CONVERSION = YES;
				CLANG_WARN_OBJC_IMPLICIT_RETAIN_SELF = YES;
				CLANG_WARN_OBJC_LITERAL_CONVERSION = YES;
				CLANG_WARN_OBJC_ROOT_CLASS = YES_ERROR;
				CLANG_WARN_QUOTED_INCLUDE_IN_FRAMEWORK_HEADER = YES;
				CLANG_WARN_RANGE_LOOP_ANALYSIS = YES;
				CLANG_WARN_STRICT_PROTOTYPES = YES;
				CLANG_WARN_SUSPICIOUS_MOVE = YES;
				CLANG_WARN_UNGUARDED_AVAILABILITY = YES_AGGRESSIVE;
				CLANG_WARN_UNREACHABLE_CODE = YES;
				CLANG_WARN__DUPLICATE_METHOD_MATCH = YES;
				COPY_PHASE_STRIP = NO;
				DEBUG_INFORMATION_FORMAT = "dwarf-with-dsym";
				ENABLE_NS_ASSERTIONS = NO;
				ENABLE_STRICT_OBJC_MSGSEND = YES;
				GCC_C_LANGUAGE_STANDARD = gnu11;
				GCC_NO_COMMON_BLOCKS = YES;
				GCC_WARN_64_TO_32_BIT_CONVERSION = YES;
				GCC_WARN_ABOUT_RETURN_TYPE = YES_ERROR;
				GCC_WARN_UNDECLARED_SELECTOR = YES;
				GCC_WARN_UNINITIALIZED_AUTOS = YES_AGGRESSIVE;
				GCC_WARN_UNUSED_FUNCTION = YES;
				GCC_WARN_UNUSED_VARIABLE = YES;
				IPHONEOS_DEPLOYMENT_TARGET = 17.0;
				MTL_ENABLE_DEBUG_INFO = NO;
				MTL_FAST_MATH = YES;
				SDKROOT = iphoneos;
				SWIFT_COMPILATION_MODE = wholemodule;
				SWIFT_OPTIMIZATION_LEVEL = "-O";
				VALIDATE_PRODUCT = YES;
			};
			name = Release;
		};
		C79C8D1B25ADDDF400EEE3F1 /* Debug */ = {
			isa = XCBuildConfiguration;
			buildSettings = {
				ASSETCATALOG_COMPILER_APPICON_NAME = AppIcon;
				ASSETCATALOG_COMPILER_GLOBAL_ACCENT_COLOR_NAME = AccentColor;
				CODE_SIGN_STYLE = Automatic;
				INFOPLIST_FILE = WeatherForecast/Info.plist;
				IPHONEOS_DEPLOYMENT_TARGET = 17.0;
				LD_RUNPATH_SEARCH_PATHS = (
					"$(inherited)",
					"@executable_path/Frameworks",
				);
				PRODUCT_BUNDLE_IDENTIFIER = net.yagom.WeatherForecast;
				PRODUCT_NAME = "$(TARGET_NAME)";
				SWIFT_VERSION = 5.0;
				TARGETED_DEVICE_FAMILY = "1,2";
			};
			name = Debug;
		};
		C79C8D1C25ADDDF400EEE3F1 /* Release */ = {
			isa = XCBuildConfiguration;
			buildSettings = {
				ASSETCATALOG_COMPILER_APPICON_NAME = AppIcon;
				ASSETCATALOG_COMPILER_GLOBAL_ACCENT_COLOR_NAME = AccentColor;
				CODE_SIGN_STYLE = Automatic;
				INFOPLIST_FILE = WeatherForecast/Info.plist;
				IPHONEOS_DEPLOYMENT_TARGET = 17.0;
				LD_RUNPATH_SEARCH_PATHS = (
					"$(inherited)",
					"@executable_path/Frameworks",
				);
				PRODUCT_BUNDLE_IDENTIFIER = net.yagom.WeatherForecast;
				PRODUCT_NAME = "$(TARGET_NAME)";
				SWIFT_VERSION = 5.0;
				TARGETED_DEVICE_FAMILY = "1,2";
			};
			name = Release;
		};
		C79C8D1E25ADDDF400EEE3F1 /* Debug */ = {
			isa = XCBuildConfiguration;
			buildSettings = {
				ALWAYS_EMBED_SWIFT_STANDARD_LIBRARIES = YES;
				BUNDLE_LOADER = "$(TEST_HOST)";
				CODE_SIGN_STYLE = Automatic;
				INFOPLIST_FILE = WeatherForecastTests/Info.plist;
				IPHONEOS_DEPLOYMENT_TARGET = 14.3;
				LD_RUNPATH_SEARCH_PATHS = (
					"$(inherited)",
					"@executable_path/Frameworks",
					"@loader_path/Frameworks",
				);
				PRODUCT_BUNDLE_IDENTIFIER = net.yagom.WeatherForecastTests;
				PRODUCT_NAME = "$(TARGET_NAME)";
				SWIFT_VERSION = 5.0;
				TARGETED_DEVICE_FAMILY = "1,2";
				TEST_HOST = "$(BUILT_PRODUCTS_DIR)/WeatherForecast.app/WeatherForecast";
			};
			name = Debug;
		};
		C79C8D1F25ADDDF400EEE3F1 /* Release */ = {
			isa = XCBuildConfiguration;
			buildSettings = {
				ALWAYS_EMBED_SWIFT_STANDARD_LIBRARIES = YES;
				BUNDLE_LOADER = "$(TEST_HOST)";
				CODE_SIGN_STYLE = Automatic;
				INFOPLIST_FILE = WeatherForecastTests/Info.plist;
				IPHONEOS_DEPLOYMENT_TARGET = 14.3;
				LD_RUNPATH_SEARCH_PATHS = (
					"$(inherited)",
					"@executable_path/Frameworks",
					"@loader_path/Frameworks",
				);
				PRODUCT_BUNDLE_IDENTIFIER = net.yagom.WeatherForecastTests;
				PRODUCT_NAME = "$(TARGET_NAME)";
				SWIFT_VERSION = 5.0;
				TARGETED_DEVICE_FAMILY = "1,2";
				TEST_HOST = "$(BUILT_PRODUCTS_DIR)/WeatherForecast.app/WeatherForecast";
			};
			name = Release;
		};
		C79C8D2125ADDDF400EEE3F1 /* Debug */ = {
			isa = XCBuildConfiguration;
			buildSettings = {
				ALWAYS_EMBED_SWIFT_STANDARD_LIBRARIES = YES;
				CODE_SIGN_STYLE = Automatic;
				INFOPLIST_FILE = WeatherForecastUITests/Info.plist;
				LD_RUNPATH_SEARCH_PATHS = (
					"$(inherited)",
					"@executable_path/Frameworks",
					"@loader_path/Frameworks",
				);
				PRODUCT_BUNDLE_IDENTIFIER = net.yagom.WeatherForecastUITests;
				PRODUCT_NAME = "$(TARGET_NAME)";
				SWIFT_VERSION = 5.0;
				TARGETED_DEVICE_FAMILY = "1,2";
				TEST_TARGET_NAME = WeatherForecast;
			};
			name = Debug;
		};
		C79C8D2225ADDDF400EEE3F1 /* Release */ = {
			isa = XCBuildConfiguration;
			buildSettings = {
				ALWAYS_EMBED_SWIFT_STANDARD_LIBRARIES = YES;
				CODE_SIGN_STYLE = Automatic;
				INFOPLIST_FILE = WeatherForecastUITests/Info.plist;
				LD_RUNPATH_SEARCH_PATHS = (
					"$(inherited)",
					"@executable_path/Frameworks",
					"@loader_path/Frameworks",
				);
				PRODUCT_BUNDLE_IDENTIFIER = net.yagom.WeatherForecastUITests;
				PRODUCT_NAME = "$(TARGET_NAME)";
				SWIFT_VERSION = 5.0;
				TARGETED_DEVICE_FAMILY = "1,2";
				TEST_TARGET_NAME = WeatherForecast;
			};
			name = Release;
		};
/* End XCBuildConfiguration section */

/* Begin XCConfigurationList section */
		C79C8CEB25ADDDF200EEE3F1 /* Build configuration list for PBXProject "WeatherForecast" */ = {
			isa = XCConfigurationList;
			buildConfigurations = (
				C79C8D1825ADDDF400EEE3F1 /* Debug */,
				C79C8D1925ADDDF400EEE3F1 /* Release */,
			);
			defaultConfigurationIsVisible = 0;
			defaultConfigurationName = Release;
		};
		C79C8D1A25ADDDF400EEE3F1 /* Build configuration list for PBXNativeTarget "WeatherForecast" */ = {
			isa = XCConfigurationList;
			buildConfigurations = (
				C79C8D1B25ADDDF400EEE3F1 /* Debug */,
				C79C8D1C25ADDDF400EEE3F1 /* Release */,
			);
			defaultConfigurationIsVisible = 0;
			defaultConfigurationName = Release;
		};
		C79C8D1D25ADDDF400EEE3F1 /* Build configuration list for PBXNativeTarget "WeatherForecastTests" */ = {
			isa = XCConfigurationList;
			buildConfigurations = (
				C79C8D1E25ADDDF400EEE3F1 /* Debug */,
				C79C8D1F25ADDDF400EEE3F1 /* Release */,
			);
			defaultConfigurationIsVisible = 0;
			defaultConfigurationName = Release;
		};
		C79C8D2025ADDDF400EEE3F1 /* Build configuration list for PBXNativeTarget "WeatherForecastUITests" */ = {
			isa = XCConfigurationList;
			buildConfigurations = (
				C79C8D2125ADDDF400EEE3F1 /* Debug */,
				C79C8D2225ADDDF400EEE3F1 /* Release */,
			);
			defaultConfigurationIsVisible = 0;
			defaultConfigurationName = Release;
		};
/* End XCConfigurationList section */
	};
	rootObject = C79C8CE825ADDDF200EEE3F1 /* Project object */;
}
