// !$*UTF8*$!
{
	archiveVersion = 1;
	classes = {
	};
	objectVersion = 50;
	objects = {

/* Begin PBXBuildFile section */
		C79C8CF425ADDDF200EEE3F1 /* AppDelegate.swift in Sources */ = {isa = PBXBuildFile; fileRef = C79C8CF325ADDDF200EEE3F1 /* AppDelegate.swift */; };
		C79C8CF625ADDDF200EEE3F1 /* SceneDelegate.swift in Sources */ = {isa = PBXBuildFile; fileRef = C79C8CF525ADDDF200EEE3F1 /* SceneDelegate.swift */; };
		C79C8CF825ADDDF200EEE3F1 /* WeatherViewController.swift in Sources */ = {isa = PBXBuildFile; fileRef = C79C8CF725ADDDF200EEE3F1 /* WeatherViewController.swift */; };
		C79C8CFD25ADDDF300EEE3F1 /* Assets.xcassets in Resources */ = {isa = PBXBuildFile; fileRef = C79C8CFC25ADDDF300EEE3F1 /* Assets.xcassets */; };
		C79C8D0025ADDDF300EEE3F1 /* LaunchScreen.storyboard in Resources */ = {isa = PBXBuildFile; fileRef = C79C8CFE25ADDDF300EEE3F1 /* LaunchScreen.storyboard */; };
		C79C8D0B25ADDDF400EEE3F1 /* WeatherForecastTests.swift in Sources */ = {isa = PBXBuildFile; fileRef = C79C8D0A25ADDDF400EEE3F1 /* WeatherForecastTests.swift */; };
		C79C8D1625ADDDF400EEE3F1 /* WeatherForecastUITests.swift in Sources */ = {isa = PBXBuildFile; fileRef = C79C8D1525ADDDF400EEE3F1 /* WeatherForecastUITests.swift */; };
		D041799B2B17115000251222 /* CurrentWeatherCollectionReusableView.swift in Sources */ = {isa = PBXBuildFile; fileRef = D041799A2B17115000251222 /* CurrentWeatherCollectionReusableView.swift */; };
		D04179BD2B1877E600251222 /* UIView.swift in Sources */ = {isa = PBXBuildFile; fileRef = D04179BC2B1877E600251222 /* UIView.swift */; };
		D04179BF2B197CA800251222 /* CacheManager.swift in Sources */ = {isa = PBXBuildFile; fileRef = D04179BE2B197CA800251222 /* CacheManager.swift */; };
		D04179C12B19B66700251222 /* String.swift in Sources */ = {isa = PBXBuildFile; fileRef = D04179C02B19B66700251222 /* String.swift */; };
		D04179C32B19B6FE00251222 /* Double.swift in Sources */ = {isa = PBXBuildFile; fileRef = D04179C22B19B6FE00251222 /* Double.swift */; };
		D04179C52B19B78D00251222 /* UILabel.swift in Sources */ = {isa = PBXBuildFile; fileRef = D04179C42B19B78D00251222 /* UILabel.swift */; };
		D04179C72B19BB1D00251222 /* UIImageVIew.swift in Sources */ = {isa = PBXBuildFile; fileRef = D04179C62B19BB1D00251222 /* UIImageVIew.swift */; };
		D0D2046D2B0DCFE8007E7F6F /* HttpMethod.swift in Sources */ = {isa = PBXBuildFile; fileRef = D0D2046C2B0DCFE8007E7F6F /* HttpMethod.swift */; };
		E142FCD42B1D635600BAD894 /* IconService.swift in Sources */ = {isa = PBXBuildFile; fileRef = E142FCD32B1D635600BAD894 /* IconService.swift */; };
		E142FCDE2B1D640900BAD894 /* UrlString.swift in Sources */ = {isa = PBXBuildFile; fileRef = E142FCDD2B1D640900BAD894 /* UrlString.swift */; };
		E151C9082B17003200348232 /* WeatherTimeViewCell.swift in Sources */ = {isa = PBXBuildFile; fileRef = E151C9072B17003200348232 /* WeatherTimeViewCell.swift */; };
		E151C90B2B1704BC00348232 /* UIStackView.swift in Sources */ = {isa = PBXBuildFile; fileRef = E151C90A2B1704BC00348232 /* UIStackView.swift */; };
		E17107B52B0F281C00C8CE2E /* WeatherManager.swift in Sources */ = {isa = PBXBuildFile; fileRef = E17107B42B0F281C00C8CE2E /* WeatherManager.swift */; };
		E1F5CABC2B0AEFFB0021B753 /* CurrentWeather.swift in Sources */ = {isa = PBXBuildFile; fileRef = E1F5CABB2B0AEFFB0021B753 /* CurrentWeather.swift */; };
		E1F5CABE2B0AF0150021B753 /* FiveDayForecast.swift in Sources */ = {isa = PBXBuildFile; fileRef = E1F5CABD2B0AF0150021B753 /* FiveDayForecast.swift */; };
		E1F5CAC02B0AF0AB0021B753 /* Weathers.swift in Sources */ = {isa = PBXBuildFile; fileRef = E1F5CABF2B0AF0AB0021B753 /* Weathers.swift */; };
		E1F5CAC22B0AF5B80021B753 /* Main.swift in Sources */ = {isa = PBXBuildFile; fileRef = E1F5CAC12B0AF5B80021B753 /* Main.swift */; };
		E1F5CAC42B0AFA1D0021B753 /* Coordinate.swift in Sources */ = {isa = PBXBuildFile; fileRef = E1F5CAC32B0AFA1D0021B753 /* Coordinate.swift */; };
		E1F5CAC62B0AFA310021B753 /* SystemData.swift in Sources */ = {isa = PBXBuildFile; fileRef = E1F5CAC52B0AFA310021B753 /* SystemData.swift */; };
		E1F5CAD02B0B428E0021B753 /* Request.swift in Sources */ = {isa = PBXBuildFile; fileRef = E1F5CACF2B0B428E0021B753 /* Request.swift */; };
		E1F5CAD22B0B432D0021B753 /* Endpoint.swift in Sources */ = {isa = PBXBuildFile; fileRef = E1F5CAD12B0B432D0021B753 /* Endpoint.swift */; };
		E1F5CAD42B0B47900021B753 /* Environment.swift in Sources */ = {isa = PBXBuildFile; fileRef = E1F5CAD32B0B47900021B753 /* Environment.swift */; };
		E1F5CAD62B0B4EDE0021B753 /* NetworkManager.swift in Sources */ = {isa = PBXBuildFile; fileRef = E1F5CAD52B0B4EDE0021B753 /* NetworkManager.swift */; };
/* End PBXBuildFile section */

/* Begin PBXContainerItemProxy section */
		C79C8D0725ADDDF400EEE3F1 /* PBXContainerItemProxy */ = {
			isa = PBXContainerItemProxy;
			containerPortal = C79C8CE825ADDDF200EEE3F1 /* Project object */;
			proxyType = 1;
			remoteGlobalIDString = C79C8CEF25ADDDF200EEE3F1;
			remoteInfo = WeatherForecast;
		};
		C79C8D1225ADDDF400EEE3F1 /* PBXContainerItemProxy */ = {
			isa = PBXContainerItemProxy;
			containerPortal = C79C8CE825ADDDF200EEE3F1 /* Project object */;
			proxyType = 1;
			remoteGlobalIDString = C79C8CEF25ADDDF200EEE3F1;
			remoteInfo = WeatherForecast;
		};
/* End PBXContainerItemProxy section */

/* Begin PBXFileReference section */
		C79C8CF025ADDDF200EEE3F1 /* WeatherForecast.app */ = {isa = PBXFileReference; explicitFileType = wrapper.application; includeInIndex = 0; path = WeatherForecast.app; sourceTree = BUILT_PRODUCTS_DIR; };
		C79C8CF325ADDDF200EEE3F1 /* AppDelegate.swift */ = {isa = PBXFileReference; lastKnownFileType = sourcecode.swift; path = AppDelegate.swift; sourceTree = "<group>"; };
		C79C8CF525ADDDF200EEE3F1 /* SceneDelegate.swift */ = {isa = PBXFileReference; lastKnownFileType = sourcecode.swift; path = SceneDelegate.swift; sourceTree = "<group>"; };
		C79C8CF725ADDDF200EEE3F1 /* WeatherViewController.swift */ = {isa = PBXFileReference; lastKnownFileType = sourcecode.swift; path = WeatherViewController.swift; sourceTree = "<group>"; };
		C79C8CFC25ADDDF300EEE3F1 /* Assets.xcassets */ = {isa = PBXFileReference; lastKnownFileType = folder.assetcatalog; path = Assets.xcassets; sourceTree = "<group>"; };
		C79C8CFF25ADDDF300EEE3F1 /* Base */ = {isa = PBXFileReference; lastKnownFileType = file.storyboard; name = Base; path = Base.lproj/LaunchScreen.storyboard; sourceTree = "<group>"; };
		C79C8D0125ADDDF300EEE3F1 /* Info.plist */ = {isa = PBXFileReference; lastKnownFileType = text.plist.xml; path = Info.plist; sourceTree = "<group>"; };
		C79C8D0625ADDDF400EEE3F1 /* WeatherForecastTests.xctest */ = {isa = PBXFileReference; explicitFileType = wrapper.cfbundle; includeInIndex = 0; path = WeatherForecastTests.xctest; sourceTree = BUILT_PRODUCTS_DIR; };
		C79C8D0A25ADDDF400EEE3F1 /* WeatherForecastTests.swift */ = {isa = PBXFileReference; lastKnownFileType = sourcecode.swift; path = WeatherForecastTests.swift; sourceTree = "<group>"; };
		C79C8D0C25ADDDF400EEE3F1 /* Info.plist */ = {isa = PBXFileReference; lastKnownFileType = text.plist.xml; path = Info.plist; sourceTree = "<group>"; };
		C79C8D1125ADDDF400EEE3F1 /* WeatherForecastUITests.xctest */ = {isa = PBXFileReference; explicitFileType = wrapper.cfbundle; includeInIndex = 0; path = WeatherForecastUITests.xctest; sourceTree = BUILT_PRODUCTS_DIR; };
		C79C8D1525ADDDF400EEE3F1 /* WeatherForecastUITests.swift */ = {isa = PBXFileReference; lastKnownFileType = sourcecode.swift; path = WeatherForecastUITests.swift; sourceTree = "<group>"; };
		C79C8D1725ADDDF400EEE3F1 /* Info.plist */ = {isa = PBXFileReference; lastKnownFileType = text.plist.xml; path = Info.plist; sourceTree = "<group>"; };
		D041799A2B17115000251222 /* CurrentWeatherCollectionReusableView.swift */ = {isa = PBXFileReference; lastKnownFileType = sourcecode.swift; path = CurrentWeatherCollectionReusableView.swift; sourceTree = "<group>"; };
		D04179BC2B1877E600251222 /* UIView.swift */ = {isa = PBXFileReference; lastKnownFileType = sourcecode.swift; path = UIView.swift; sourceTree = "<group>"; };
		D04179BE2B197CA800251222 /* CacheManager.swift */ = {isa = PBXFileReference; lastKnownFileType = sourcecode.swift; path = CacheManager.swift; sourceTree = "<group>"; };
		D04179C02B19B66700251222 /* String.swift */ = {isa = PBXFileReference; lastKnownFileType = sourcecode.swift; path = String.swift; sourceTree = "<group>"; };
		D04179C22B19B6FE00251222 /* Double.swift */ = {isa = PBXFileReference; lastKnownFileType = sourcecode.swift; path = Double.swift; sourceTree = "<group>"; };
		D04179C42B19B78D00251222 /* UILabel.swift */ = {isa = PBXFileReference; lastKnownFileType = sourcecode.swift; path = UILabel.swift; sourceTree = "<group>"; };
		D04179C62B19BB1D00251222 /* UIImageVIew.swift */ = {isa = PBXFileReference; lastKnownFileType = sourcecode.swift; path = UIImageVIew.swift; sourceTree = "<group>"; };
		D0D2046C2B0DCFE8007E7F6F /* HttpMethod.swift */ = {isa = PBXFileReference; lastKnownFileType = sourcecode.swift; path = HttpMethod.swift; sourceTree = "<group>"; };
		E142FCD32B1D635600BAD894 /* IconService.swift */ = {isa = PBXFileReference; lastKnownFileType = sourcecode.swift; path = IconService.swift; sourceTree = "<group>"; };
		E142FCDD2B1D640900BAD894 /* UrlString.swift */ = {isa = PBXFileReference; lastKnownFileType = sourcecode.swift; path = UrlString.swift; sourceTree = "<group>"; };
		E151C9072B17003200348232 /* WeatherTimeViewCell.swift */ = {isa = PBXFileReference; lastKnownFileType = sourcecode.swift; path = WeatherTimeViewCell.swift; sourceTree = "<group>"; };
		E151C90A2B1704BC00348232 /* UIStackView.swift */ = {isa = PBXFileReference; lastKnownFileType = sourcecode.swift; path = UIStackView.swift; sourceTree = "<group>"; };
		E17107B42B0F281C00C8CE2E /* WeatherManager.swift */ = {isa = PBXFileReference; lastKnownFileType = sourcecode.swift; path = WeatherManager.swift; sourceTree = "<group>"; };
		E1F5CABB2B0AEFFB0021B753 /* CurrentWeather.swift */ = {isa = PBXFileReference; lastKnownFileType = sourcecode.swift; path = CurrentWeather.swift; sourceTree = "<group>"; };
		E1F5CABD2B0AF0150021B753 /* FiveDayForecast.swift */ = {isa = PBXFileReference; lastKnownFileType = sourcecode.swift; path = FiveDayForecast.swift; sourceTree = "<group>"; };
		E1F5CABF2B0AF0AB0021B753 /* Weathers.swift */ = {isa = PBXFileReference; lastKnownFileType = sourcecode.swift; path = Weathers.swift; sourceTree = "<group>"; };
		E1F5CAC12B0AF5B80021B753 /* Main.swift */ = {isa = PBXFileReference; lastKnownFileType = sourcecode.swift; path = Main.swift; sourceTree = "<group>"; };
		E1F5CAC32B0AFA1D0021B753 /* Coordinate.swift */ = {isa = PBXFileReference; lastKnownFileType = sourcecode.swift; path = Coordinate.swift; sourceTree = "<group>"; };
		E1F5CAC52B0AFA310021B753 /* SystemData.swift */ = {isa = PBXFileReference; lastKnownFileType = sourcecode.swift; path = SystemData.swift; sourceTree = "<group>"; };
		E1F5CACD2B0B42270021B753 /* env.xcconfig */ = {isa = PBXFileReference; lastKnownFileType = text.xcconfig; path = env.xcconfig; sourceTree = "<group>"; };
		E1F5CACF2B0B428E0021B753 /* Request.swift */ = {isa = PBXFileReference; lastKnownFileType = sourcecode.swift; path = Request.swift; sourceTree = "<group>"; };
		E1F5CAD12B0B432D0021B753 /* Endpoint.swift */ = {isa = PBXFileReference; lastKnownFileType = sourcecode.swift; path = Endpoint.swift; sourceTree = "<group>"; };
		E1F5CAD32B0B47900021B753 /* Environment.swift */ = {isa = PBXFileReference; lastKnownFileType = sourcecode.swift; path = Environment.swift; sourceTree = "<group>"; };
		E1F5CAD52B0B4EDE0021B753 /* NetworkManager.swift */ = {isa = PBXFileReference; lastKnownFileType = sourcecode.swift; path = NetworkManager.swift; sourceTree = "<group>"; };
/* End PBXFileReference section */

/* Begin PBXFrameworksBuildPhase section */
		C79C8CED25ADDDF200EEE3F1 /* Frameworks */ = {
			isa = PBXFrameworksBuildPhase;
			buildActionMask = 2147483647;
			files = (
			);
			runOnlyForDeploymentPostprocessing = 0;
		};
		C79C8D0325ADDDF400EEE3F1 /* Frameworks */ = {
			isa = PBXFrameworksBuildPhase;
			buildActionMask = 2147483647;
			files = (
			);
			runOnlyForDeploymentPostprocessing = 0;
		};
		C79C8D0E25ADDDF400EEE3F1 /* Frameworks */ = {
			isa = PBXFrameworksBuildPhase;
			buildActionMask = 2147483647;
			files = (
			);
			runOnlyForDeploymentPostprocessing = 0;
		};
/* End PBXFrameworksBuildPhase section */

/* Begin PBXGroup section */
		C79C8CE725ADDDF200EEE3F1 = {
			isa = PBXGroup;
			children = (
				C79C8CF225ADDDF200EEE3F1 /* WeatherForecast */,
				C79C8D0925ADDDF400EEE3F1 /* WeatherForecastTests */,
				C79C8D1425ADDDF400EEE3F1 /* WeatherForecastUITests */,
				C79C8CF125ADDDF200EEE3F1 /* Products */,
			);
			sourceTree = "<group>";
		};
		C79C8CF125ADDDF200EEE3F1 /* Products */ = {
			isa = PBXGroup;
			children = (
				C79C8CF025ADDDF200EEE3F1 /* WeatherForecast.app */,
				C79C8D0625ADDDF400EEE3F1 /* WeatherForecastTests.xctest */,
				C79C8D1125ADDDF400EEE3F1 /* WeatherForecastUITests.xctest */,
			);
			name = Products;
			sourceTree = "<group>";
		};
		C79C8CF225ADDDF200EEE3F1 /* WeatherForecast */ = {
			isa = PBXGroup;
			children = (
				E151C9092B1704AC00348232 /* Extensions */,
				E151C9062B16FD8900348232 /* Views */,
				E1F5CACE2B0B42750021B753 /* Network */,
				E1F5CAB82B0AEAC70021B753 /* Resources */,
				E1F5CABA2B0AEFD10021B753 /* Controllers */,
				E1F5CAB92B0AEFC70021B753 /* Models */,
				C79C8D0125ADDDF300EEE3F1 /* Info.plist */,
				E1F5CACD2B0B42270021B753 /* env.xcconfig */,
			);
			path = WeatherForecast;
			sourceTree = "<group>";
		};
		C79C8D0925ADDDF400EEE3F1 /* WeatherForecastTests */ = {
			isa = PBXGroup;
			children = (
				C79C8D0A25ADDDF400EEE3F1 /* WeatherForecastTests.swift */,
				C79C8D0C25ADDDF400EEE3F1 /* Info.plist */,
			);
			path = WeatherForecastTests;
			sourceTree = "<group>";
		};
		C79C8D1425ADDDF400EEE3F1 /* WeatherForecastUITests */ = {
			isa = PBXGroup;
			children = (
				C79C8D1525ADDDF400EEE3F1 /* WeatherForecastUITests.swift */,
				C79C8D1725ADDDF400EEE3F1 /* Info.plist */,
			);
			path = WeatherForecastUITests;
			sourceTree = "<group>";
		};
		E142FCDB2B1D63A700BAD894 /* Services */ = {
			isa = PBXGroup;
			children = (
				E142FCD32B1D635600BAD894 /* IconService.swift */,
			);
			path = Services;
			sourceTree = "<group>";
		};
		E142FCDC2B1D63C200BAD894 /* Constnats */ = {
			isa = PBXGroup;
			children = (
				E1F5CAD12B0B432D0021B753 /* Endpoint.swift */,
				E142FCDD2B1D640900BAD894 /* UrlString.swift */,
				E1F5CAD32B0B47900021B753 /* Environment.swift */,
				D0D2046C2B0DCFE8007E7F6F /* HttpMethod.swift */,
			);
			path = Constnats;
			sourceTree = "<group>";
		};
		E151C9062B16FD8900348232 /* Views */ = {
			isa = PBXGroup;
			children = (
				E151C9072B17003200348232 /* WeatherTimeViewCell.swift */,
				D041799A2B17115000251222 /* CurrentWeatherCollectionReusableView.swift */,
			);
			path = Views;
			sourceTree = "<group>";
		};
		E151C9092B1704AC00348232 /* Extensions */ = {
			isa = PBXGroup;
			children = (
				E151C90A2B1704BC00348232 /* UIStackView.swift */,
				D04179BC2B1877E600251222 /* UIView.swift */,
				D04179C02B19B66700251222 /* String.swift */,
				D04179C22B19B6FE00251222 /* Double.swift */,
				D04179C42B19B78D00251222 /* UILabel.swift */,
				D04179C62B19BB1D00251222 /* UIImageVIew.swift */,
			);
			path = Extensions;
			sourceTree = "<group>";
		};
		E1F5CAB82B0AEAC70021B753 /* Resources */ = {
			isa = PBXGroup;
			children = (
				C79C8CF325ADDDF200EEE3F1 /* AppDelegate.swift */,
				C79C8CF525ADDDF200EEE3F1 /* SceneDelegate.swift */,
				C79C8CFC25ADDDF300EEE3F1 /* Assets.xcassets */,
				C79C8CFE25ADDDF300EEE3F1 /* LaunchScreen.storyboard */,
			);
			path = Resources;
			sourceTree = "<group>";
		};
		E1F5CAB92B0AEFC70021B753 /* Models */ = {
			isa = PBXGroup;
			children = (
				E142FCDB2B1D63A700BAD894 /* Services */,
				E1F5CAC72B0AFBE30021B753 /* DTOs */,
				E17107B42B0F281C00C8CE2E /* WeatherManager.swift */,
			);
			path = Models;
			sourceTree = "<group>";
		};
		E1F5CABA2B0AEFD10021B753 /* Controllers */ = {
			isa = PBXGroup;
			children = (
				C79C8CF725ADDDF200EEE3F1 /* WeatherViewController.swift */,
			);
			path = Controllers;
			sourceTree = "<group>";
		};
		E1F5CAC72B0AFBE30021B753 /* DTOs */ = {
			isa = PBXGroup;
			children = (
				E1F5CABB2B0AEFFB0021B753 /* CurrentWeather.swift */,
				E1F5CABD2B0AF0150021B753 /* FiveDayForecast.swift */,
				E1F5CABF2B0AF0AB0021B753 /* Weathers.swift */,
				E1F5CAC12B0AF5B80021B753 /* Main.swift */,
				E1F5CAC32B0AFA1D0021B753 /* Coordinate.swift */,
				E1F5CAC52B0AFA310021B753 /* SystemData.swift */,
			);
			path = DTOs;
			sourceTree = "<group>";
		};
		E1F5CACE2B0B42750021B753 /* Network */ = {
			isa = PBXGroup;
			children = (
				E142FCDC2B1D63C200BAD894 /* Constnats */,
				E1F5CACF2B0B428E0021B753 /* Request.swift */,
				E1F5CAD52B0B4EDE0021B753 /* NetworkManager.swift */,
				D04179BE2B197CA800251222 /* CacheManager.swift */,
			);
			path = Network;
			sourceTree = "<group>";
		};
/* End PBXGroup section */

/* Begin PBXNativeTarget section */
		C79C8CEF25ADDDF200EEE3F1 /* WeatherForecast */ = {
			isa = PBXNativeTarget;
			buildConfigurationList = C79C8D1A25ADDDF400EEE3F1 /* Build configuration list for PBXNativeTarget "WeatherForecast" */;
			buildPhases = (
				C79C8CEC25ADDDF200EEE3F1 /* Sources */,
				C79C8CED25ADDDF200EEE3F1 /* Frameworks */,
				C79C8CEE25ADDDF200EEE3F1 /* Resources */,
			);
			buildRules = (
			);
			dependencies = (
			);
			name = WeatherForecast;
			productName = WeatherForecast;
			productReference = C79C8CF025ADDDF200EEE3F1 /* WeatherForecast.app */;
			productType = "com.apple.product-type.application";
		};
		C79C8D0525ADDDF400EEE3F1 /* WeatherForecastTests */ = {
			isa = PBXNativeTarget;
			buildConfigurationList = C79C8D1D25ADDDF400EEE3F1 /* Build configuration list for PBXNativeTarget "WeatherForecastTests" */;
			buildPhases = (
				C79C8D0225ADDDF400EEE3F1 /* Sources */,
				C79C8D0325ADDDF400EEE3F1 /* Frameworks */,
				C79C8D0425ADDDF400EEE3F1 /* Resources */,
			);
			buildRules = (
			);
			dependencies = (
				C79C8D0825ADDDF400EEE3F1 /* PBXTargetDependency */,
			);
			name = WeatherForecastTests;
			productName = WeatherForecastTests;
			productReference = C79C8D0625ADDDF400EEE3F1 /* WeatherForecastTests.xctest */;
			productType = "com.apple.product-type.bundle.unit-test";
		};
		C79C8D1025ADDDF400EEE3F1 /* WeatherForecastUITests */ = {
			isa = PBXNativeTarget;
			buildConfigurationList = C79C8D2025ADDDF400EEE3F1 /* Build configuration list for PBXNativeTarget "WeatherForecastUITests" */;
			buildPhases = (
				C79C8D0D25ADDDF400EEE3F1 /* Sources */,
				C79C8D0E25ADDDF400EEE3F1 /* Frameworks */,
				C79C8D0F25ADDDF400EEE3F1 /* Resources */,
			);
			buildRules = (
			);
			dependencies = (
				C79C8D1325ADDDF400EEE3F1 /* PBXTargetDependency */,
			);
			name = WeatherForecastUITests;
			productName = WeatherForecastUITests;
			productReference = C79C8D1125ADDDF400EEE3F1 /* WeatherForecastUITests.xctest */;
			productType = "com.apple.product-type.bundle.ui-testing";
		};
/* End PBXNativeTarget section */

/* Begin PBXProject section */
		C79C8CE825ADDDF200EEE3F1 /* Project object */ = {
			isa = PBXProject;
			attributes = {
				LastSwiftUpdateCheck = 1230;
				LastUpgradeCheck = 1230;
				TargetAttributes = {
					C79C8CEF25ADDDF200EEE3F1 = {
						CreatedOnToolsVersion = 12.3;
					};
					C79C8D0525ADDDF400EEE3F1 = {
						CreatedOnToolsVersion = 12.3;
						TestTargetID = C79C8CEF25ADDDF200EEE3F1;
					};
					C79C8D1025ADDDF400EEE3F1 = {
						CreatedOnToolsVersion = 12.3;
						TestTargetID = C79C8CEF25ADDDF200EEE3F1;
					};
				};
			};
			buildConfigurationList = C79C8CEB25ADDDF200EEE3F1 /* Build configuration list for PBXProject "WeatherForecast" */;
			compatibilityVersion = "Xcode 9.3";
			developmentRegion = en;
			hasScannedForEncodings = 0;
			knownRegions = (
				en,
				Base,
			);
			mainGroup = C79C8CE725ADDDF200EEE3F1;
			productRefGroup = C79C8CF125ADDDF200EEE3F1 /* Products */;
			projectDirPath = "";
			projectRoot = "";
			targets = (
				C79C8CEF25ADDDF200EEE3F1 /* WeatherForecast */,
				C79C8D0525ADDDF400EEE3F1 /* WeatherForecastTests */,
				C79C8D1025ADDDF400EEE3F1 /* WeatherForecastUITests */,
			);
		};
/* End PBXProject section */

/* Begin PBXResourcesBuildPhase section */
		C79C8CEE25ADDDF200EEE3F1 /* Resources */ = {
			isa = PBXResourcesBuildPhase;
			buildActionMask = 2147483647;
			files = (
				C79C8D0025ADDDF300EEE3F1 /* LaunchScreen.storyboard in Resources */,
				C79C8CFD25ADDDF300EEE3F1 /* Assets.xcassets in Resources */,
			);
			runOnlyForDeploymentPostprocessing = 0;
		};
		C79C8D0425ADDDF400EEE3F1 /* Resources */ = {
			isa = PBXResourcesBuildPhase;
			buildActionMask = 2147483647;
			files = (
			);
			runOnlyForDeploymentPostprocessing = 0;
		};
		C79C8D0F25ADDDF400EEE3F1 /* Resources */ = {
			isa = PBXResourcesBuildPhase;
			buildActionMask = 2147483647;
			files = (
			);
			runOnlyForDeploymentPostprocessing = 0;
		};
/* End PBXResourcesBuildPhase section */

/* Begin PBXSourcesBuildPhase section */
		C79C8CEC25ADDDF200EEE3F1 /* Sources */ = {
			isa = PBXSourcesBuildPhase;
			buildActionMask = 2147483647;
			files = (
				E1F5CAC62B0AFA310021B753 /* SystemData.swift in Sources */,
				E1F5CAD42B0B47900021B753 /* Environment.swift in Sources */,
				E17107B52B0F281C00C8CE2E /* WeatherManager.swift in Sources */,
				C79C8CF825ADDDF200EEE3F1 /* WeatherViewController.swift in Sources */,
				C79C8CF425ADDDF200EEE3F1 /* AppDelegate.swift in Sources */,
				D04179BD2B1877E600251222 /* UIView.swift in Sources */,
				E1F5CAD62B0B4EDE0021B753 /* NetworkManager.swift in Sources */,
				C79C8CF625ADDDF200EEE3F1 /* SceneDelegate.swift in Sources */,
				E1F5CAC02B0AF0AB0021B753 /* Weathers.swift in Sources */,
				D041799B2B17115000251222 /* CurrentWeatherCollectionReusableView.swift in Sources */,
				E1F5CABC2B0AEFFB0021B753 /* CurrentWeather.swift in Sources */,
				E1F5CAC22B0AF5B80021B753 /* Main.swift in Sources */,
				E1F5CABE2B0AF0150021B753 /* FiveDayForecast.swift in Sources */,
				E142FCDE2B1D640900BAD894 /* UrlString.swift in Sources */,
				D0D2046D2B0DCFE8007E7F6F /* HttpMethod.swift in Sources */,
				E142FCD42B1D635600BAD894 /* IconService.swift in Sources */,
				D04179C52B19B78D00251222 /* UILabel.swift in Sources */,
				E1F5CAC42B0AFA1D0021B753 /* Coordinate.swift in Sources */,
				D04179C72B19BB1D00251222 /* UIImageVIew.swift in Sources */,
				E151C90B2B1704BC00348232 /* UIStackView.swift in Sources */,
				D04179BF2B197CA800251222 /* CacheManager.swift in Sources */,
				E1F5CAD22B0B432D0021B753 /* Endpoint.swift in Sources */,
				D04179C12B19B66700251222 /* String.swift in Sources */,
				E151C9082B17003200348232 /* WeatherTimeViewCell.swift in Sources */,
				D04179C32B19B6FE00251222 /* Double.swift in Sources */,
				E1F5CAD02B0B428E0021B753 /* Request.swift in Sources */,
			);
			runOnlyForDeploymentPostprocessing = 0;
		};
		C79C8D0225ADDDF400EEE3F1 /* Sources */ = {
			isa = PBXSourcesBuildPhase;
			buildActionMask = 2147483647;
			files = (
				C79C8D0B25ADDDF400EEE3F1 /* WeatherForecastTests.swift in Sources */,
			);
			runOnlyForDeploymentPostprocessing = 0;
		};
		C79C8D0D25ADDDF400EEE3F1 /* Sources */ = {
			isa = PBXSourcesBuildPhase;
			buildActionMask = 2147483647;
			files = (
				C79C8D1625ADDDF400EEE3F1 /* WeatherForecastUITests.swift in Sources */,
			);
			runOnlyForDeploymentPostprocessing = 0;
		};
/* End PBXSourcesBuildPhase section */

/* Begin PBXTargetDependency section */
		C79C8D0825ADDDF400EEE3F1 /* PBXTargetDependency */ = {
			isa = PBXTargetDependency;
			target = C79C8CEF25ADDDF200EEE3F1 /* WeatherForecast */;
			targetProxy = C79C8D0725ADDDF400EEE3F1 /* PBXContainerItemProxy */;
		};
		C79C8D1325ADDDF400EEE3F1 /* PBXTargetDependency */ = {
			isa = PBXTargetDependency;
			target = C79C8CEF25ADDDF200EEE3F1 /* WeatherForecast */;
			targetProxy = C79C8D1225ADDDF400EEE3F1 /* PBXContainerItemProxy */;
		};
/* End PBXTargetDependency section */

/* Begin PBXVariantGroup section */
		C79C8CFE25ADDDF300EEE3F1 /* LaunchScreen.storyboard */ = {
			isa = PBXVariantGroup;
			children = (
				C79C8CFF25ADDDF300EEE3F1 /* Base */,
			);
			name = LaunchScreen.storyboard;
			sourceTree = "<group>";
		};
/* End PBXVariantGroup section */

/* Begin XCBuildConfiguration section */
		C79C8D1825ADDDF400EEE3F1 /* Debug */ = {
			isa = XCBuildConfiguration;
			buildSettings = {
				ALWAYS_SEARCH_USER_PATHS = NO;
				CLANG_ANALYZER_NONNULL = YES;
				CLANG_ANALYZER_NUMBER_OBJECT_CONVERSION = YES_AGGRESSIVE;
				CLANG_CXX_LANGUAGE_STANDARD = "gnu++14";
				CLANG_CXX_LIBRARY = "libc++";
				CLANG_ENABLE_MODULES = YES;
				CLANG_ENABLE_OBJC_ARC = YES;
				CLANG_ENABLE_OBJC_WEAK = YES;
				CLANG_WARN_BLOCK_CAPTURE_AUTORELEASING = YES;
				CLANG_WARN_BOOL_CONVERSION = YES;
				CLANG_WARN_COMMA = YES;
				CLANG_WARN_CONSTANT_CONVERSION = YES;
				CLANG_WARN_DEPRECATED_OBJC_IMPLEMENTATIONS = YES;
				CLANG_WARN_DIRECT_OBJC_ISA_USAGE = YES_ERROR;
				CLANG_WARN_DOCUMENTATION_COMMENTS = YES;
				CLANG_WARN_EMPTY_BODY = YES;
				CLANG_WARN_ENUM_CONVERSION = YES;
				CLANG_WARN_INFINITE_RECURSION = YES;
				CLANG_WARN_INT_CONVERSION = YES;
				CLANG_WARN_NON_LITERAL_NULL_CONVERSION = YES;
				CLANG_WARN_OBJC_IMPLICIT_RETAIN_SELF = YES;
				CLANG_WARN_OBJC_LITERAL_CONVERSION = YES;
				CLANG_WARN_OBJC_ROOT_CLASS = YES_ERROR;
				CLANG_WARN_QUOTED_INCLUDE_IN_FRAMEWORK_HEADER = YES;
				CLANG_WARN_RANGE_LOOP_ANALYSIS = YES;
				CLANG_WARN_STRICT_PROTOTYPES = YES;
				CLANG_WARN_SUSPICIOUS_MOVE = YES;
				CLANG_WARN_UNGUARDED_AVAILABILITY = YES_AGGRESSIVE;
				CLANG_WARN_UNREACHABLE_CODE = YES;
				CLANG_WARN__DUPLICATE_METHOD_MATCH = YES;
				COPY_PHASE_STRIP = NO;
				DEBUG_INFORMATION_FORMAT = dwarf;
				ENABLE_STRICT_OBJC_MSGSEND = YES;
				ENABLE_TESTABILITY = YES;
				GCC_C_LANGUAGE_STANDARD = gnu11;
				GCC_DYNAMIC_NO_PIC = NO;
				GCC_NO_COMMON_BLOCKS = YES;
				GCC_OPTIMIZATION_LEVEL = 0;
				GCC_PREPROCESSOR_DEFINITIONS = (
					"DEBUG=1",
					"$(inherited)",
				);
				GCC_WARN_64_TO_32_BIT_CONVERSION = YES;
				GCC_WARN_ABOUT_RETURN_TYPE = YES_ERROR;
				GCC_WARN_UNDECLARED_SELECTOR = YES;
				GCC_WARN_UNINITIALIZED_AUTOS = YES_AGGRESSIVE;
				GCC_WARN_UNUSED_FUNCTION = YES;
				GCC_WARN_UNUSED_VARIABLE = YES;
				IPHONEOS_DEPLOYMENT_TARGET = 12.0;
				MTL_ENABLE_DEBUG_INFO = INCLUDE_SOURCE;
				MTL_FAST_MATH = YES;
				ONLY_ACTIVE_ARCH = YES;
				SDKROOT = iphoneos;
				SWIFT_ACTIVE_COMPILATION_CONDITIONS = DEBUG;
				SWIFT_OPTIMIZATION_LEVEL = "-Onone";
			};
			name = Debug;
		};
		C79C8D1925ADDDF400EEE3F1 /* Release */ = {
			isa = XCBuildConfiguration;
			buildSettings = {
				ALWAYS_SEARCH_USER_PATHS = NO;
				CLANG_ANALYZER_NONNULL = YES;
				CLANG_ANALYZER_NUMBER_OBJECT_CONVERSION = YES_AGGRESSIVE;
				CLANG_CXX_LANGUAGE_STANDARD = "gnu++14";
				CLANG_CXX_LIBRARY = "libc++";
				CLANG_ENABLE_MODULES = YES;
				CLANG_ENABLE_OBJC_ARC = YES;
				CLANG_ENABLE_OBJC_WEAK = YES;
				CLANG_WARN_BLOCK_CAPTURE_AUTORELEASING = YES;
				CLANG_WARN_BOOL_CONVERSION = YES;
				CLANG_WARN_COMMA = YES;
				CLANG_WARN_CONSTANT_CONVERSION = YES;
				CLANG_WARN_DEPRECATED_OBJC_IMPLEMENTATIONS = YES;
				CLANG_WARN_DIRECT_OBJC_ISA_USAGE = YES_ERROR;
				CLANG_WARN_DOCUMENTATION_COMMENTS = YES;
				CLANG_WARN_EMPTY_BODY = YES;
				CLANG_WARN_ENUM_CONVERSION = YES;
				CLANG_WARN_INFINITE_RECURSION = YES;
				CLANG_WARN_INT_CONVERSION = YES;
				CLANG_WARN_NON_LITERAL_NULL_CONVERSION = YES;
				CLANG_WARN_OBJC_IMPLICIT_RETAIN_SELF = YES;
				CLANG_WARN_OBJC_LITERAL_CONVERSION = YES;
				CLANG_WARN_OBJC_ROOT_CLASS = YES_ERROR;
				CLANG_WARN_QUOTED_INCLUDE_IN_FRAMEWORK_HEADER = YES;
				CLANG_WARN_RANGE_LOOP_ANALYSIS = YES;
				CLANG_WARN_STRICT_PROTOTYPES = YES;
				CLANG_WARN_SUSPICIOUS_MOVE = YES;
				CLANG_WARN_UNGUARDED_AVAILABILITY = YES_AGGRESSIVE;
				CLANG_WARN_UNREACHABLE_CODE = YES;
				CLANG_WARN__DUPLICATE_METHOD_MATCH = YES;
				COPY_PHASE_STRIP = NO;
				DEBUG_INFORMATION_FORMAT = "dwarf-with-dsym";
				ENABLE_NS_ASSERTIONS = NO;
				ENABLE_STRICT_OBJC_MSGSEND = YES;
				GCC_C_LANGUAGE_STANDARD = gnu11;
				GCC_NO_COMMON_BLOCKS = YES;
				GCC_WARN_64_TO_32_BIT_CONVERSION = YES;
				GCC_WARN_ABOUT_RETURN_TYPE = YES_ERROR;
				GCC_WARN_UNDECLARED_SELECTOR = YES;
				GCC_WARN_UNINITIALIZED_AUTOS = YES_AGGRESSIVE;
				GCC_WARN_UNUSED_FUNCTION = YES;
				GCC_WARN_UNUSED_VARIABLE = YES;
				IPHONEOS_DEPLOYMENT_TARGET = 12.0;
				MTL_ENABLE_DEBUG_INFO = NO;
				MTL_FAST_MATH = YES;
				SDKROOT = iphoneos;
				SWIFT_COMPILATION_MODE = wholemodule;
				SWIFT_OPTIMIZATION_LEVEL = "-O";
				VALIDATE_PRODUCT = YES;
			};
			name = Release;
		};
		C79C8D1B25ADDDF400EEE3F1 /* Debug */ = {
			isa = XCBuildConfiguration;
			baseConfigurationReference = E1F5CACD2B0B42270021B753 /* env.xcconfig */;
			buildSettings = {
				ASSETCATALOG_COMPILER_APPICON_NAME = AppIcon;
				ASSETCATALOG_COMPILER_GLOBAL_ACCENT_COLOR_NAME = AccentColor;
				CODE_SIGN_STYLE = Automatic;
				INFOPLIST_FILE = WeatherForecast/Info.plist;
				IPHONEOS_DEPLOYMENT_TARGET = 13.0;
				LD_RUNPATH_SEARCH_PATHS = (
					"$(inherited)",
					"@executable_path/Frameworks",
				);
				PRODUCT_BUNDLE_IDENTIFIER = net.yagom.WeatherForecast;
				PRODUCT_NAME = "$(TARGET_NAME)";
				SWIFT_VERSION = 5.0;
				TARGETED_DEVICE_FAMILY = "1,2";
			};
			name = Debug;
		};
		C79C8D1C25ADDDF400EEE3F1 /* Release */ = {
			isa = XCBuildConfiguration;
			baseConfigurationReference = E1F5CACD2B0B42270021B753 /* env.xcconfig */;
			buildSettings = {
				ASSETCATALOG_COMPILER_APPICON_NAME = AppIcon;
				ASSETCATALOG_COMPILER_GLOBAL_ACCENT_COLOR_NAME = AccentColor;
				CODE_SIGN_STYLE = Automatic;
				INFOPLIST_FILE = WeatherForecast/Info.plist;
				IPHONEOS_DEPLOYMENT_TARGET = 13.0;
				LD_RUNPATH_SEARCH_PATHS = (
					"$(inherited)",
					"@executable_path/Frameworks",
				);
				PRODUCT_BUNDLE_IDENTIFIER = net.yagom.WeatherForecast;
				PRODUCT_NAME = "$(TARGET_NAME)";
				SWIFT_VERSION = 5.0;
				TARGETED_DEVICE_FAMILY = "1,2";
			};
			name = Release;
		};
		C79C8D1E25ADDDF400EEE3F1 /* Debug */ = {
			isa = XCBuildConfiguration;
			buildSettings = {
				ALWAYS_EMBED_SWIFT_STANDARD_LIBRARIES = YES;
				BUNDLE_LOADER = "$(TEST_HOST)";
				CODE_SIGN_STYLE = Automatic;
				INFOPLIST_FILE = WeatherForecastTests/Info.plist;
				IPHONEOS_DEPLOYMENT_TARGET = 14.3;
				LD_RUNPATH_SEARCH_PATHS = (
					"$(inherited)",
					"@executable_path/Frameworks",
					"@loader_path/Frameworks",
				);
				PRODUCT_BUNDLE_IDENTIFIER = net.yagom.WeatherForecastTests;
				PRODUCT_NAME = "$(TARGET_NAME)";
				SWIFT_VERSION = 5.0;
				TARGETED_DEVICE_FAMILY = "1,2";
				TEST_HOST = "$(BUILT_PRODUCTS_DIR)/WeatherForecast.app/WeatherForecast";
			};
			name = Debug;
		};
		C79C8D1F25ADDDF400EEE3F1 /* Release */ = {
			isa = XCBuildConfiguration;
			buildSettings = {
				ALWAYS_EMBED_SWIFT_STANDARD_LIBRARIES = YES;
				BUNDLE_LOADER = "$(TEST_HOST)";
				CODE_SIGN_STYLE = Automatic;
				INFOPLIST_FILE = WeatherForecastTests/Info.plist;
				IPHONEOS_DEPLOYMENT_TARGET = 14.3;
				LD_RUNPATH_SEARCH_PATHS = (
					"$(inherited)",
					"@executable_path/Frameworks",
					"@loader_path/Frameworks",
				);
				PRODUCT_BUNDLE_IDENTIFIER = net.yagom.WeatherForecastTests;
				PRODUCT_NAME = "$(TARGET_NAME)";
				SWIFT_VERSION = 5.0;
				TARGETED_DEVICE_FAMILY = "1,2";
				TEST_HOST = "$(BUILT_PRODUCTS_DIR)/WeatherForecast.app/WeatherForecast";
			};
			name = Release;
		};
		C79C8D2125ADDDF400EEE3F1 /* Debug */ = {
			isa = XCBuildConfiguration;
			buildSettings = {
				ALWAYS_EMBED_SWIFT_STANDARD_LIBRARIES = YES;
				CODE_SIGN_STYLE = Automatic;
				INFOPLIST_FILE = WeatherForecastUITests/Info.plist;
				LD_RUNPATH_SEARCH_PATHS = (
					"$(inherited)",
					"@executable_path/Frameworks",
					"@loader_path/Frameworks",
				);
				PRODUCT_BUNDLE_IDENTIFIER = net.yagom.WeatherForecastUITests;
				PRODUCT_NAME = "$(TARGET_NAME)";
				SWIFT_VERSION = 5.0;
				TARGETED_DEVICE_FAMILY = "1,2";
				TEST_TARGET_NAME = WeatherForecast;
			};
			name = Debug;
		};
		C79C8D2225ADDDF400EEE3F1 /* Release */ = {
			isa = XCBuildConfiguration;
			buildSettings = {
				ALWAYS_EMBED_SWIFT_STANDARD_LIBRARIES = YES;
				CODE_SIGN_STYLE = Automatic;
				INFOPLIST_FILE = WeatherForecastUITests/Info.plist;
				LD_RUNPATH_SEARCH_PATHS = (
					"$(inherited)",
					"@executable_path/Frameworks",
					"@loader_path/Frameworks",
				);
				PRODUCT_BUNDLE_IDENTIFIER = net.yagom.WeatherForecastUITests;
				PRODUCT_NAME = "$(TARGET_NAME)";
				SWIFT_VERSION = 5.0;
				TARGETED_DEVICE_FAMILY = "1,2";
				TEST_TARGET_NAME = WeatherForecast;
			};
			name = Release;
		};
/* End XCBuildConfiguration section */

/* Begin XCConfigurationList section */
		C79C8CEB25ADDDF200EEE3F1 /* Build configuration list for PBXProject "WeatherForecast" */ = {
			isa = XCConfigurationList;
			buildConfigurations = (
				C79C8D1825ADDDF400EEE3F1 /* Debug */,
				C79C8D1925ADDDF400EEE3F1 /* Release */,
			);
			defaultConfigurationIsVisible = 0;
			defaultConfigurationName = Release;
		};
		C79C8D1A25ADDDF400EEE3F1 /* Build configuration list for PBXNativeTarget "WeatherForecast" */ = {
			isa = XCConfigurationList;
			buildConfigurations = (
				C79C8D1B25ADDDF400EEE3F1 /* Debug */,
				C79C8D1C25ADDDF400EEE3F1 /* Release */,
			);
			defaultConfigurationIsVisible = 0;
			defaultConfigurationName = Release;
		};
		C79C8D1D25ADDDF400EEE3F1 /* Build configuration list for PBXNativeTarget "WeatherForecastTests" */ = {
			isa = XCConfigurationList;
			buildConfigurations = (
				C79C8D1E25ADDDF400EEE3F1 /* Debug */,
				C79C8D1F25ADDDF400EEE3F1 /* Release */,
			);
			defaultConfigurationIsVisible = 0;
			defaultConfigurationName = Release;
		};
		C79C8D2025ADDDF400EEE3F1 /* Build configuration list for PBXNativeTarget "WeatherForecastUITests" */ = {
			isa = XCConfigurationList;
			buildConfigurations = (
				C79C8D2125ADDDF400EEE3F1 /* Debug */,
				C79C8D2225ADDDF400EEE3F1 /* Release */,
			);
			defaultConfigurationIsVisible = 0;
			defaultConfigurationName = Release;
		};
/* End XCConfigurationList section */
	};
	rootObject = C79C8CE825ADDDF200EEE3F1 /* Project object */;
}
