// !$*UTF8*$!
{
	archiveVersion = 1;
	classes = {
	};
	objectVersion = 54;
	objects = {

/* Begin PBXBuildFile section */
		0E468CB32B0DDD6A00201507 /* NetworkError.swift in Sources */ = {isa = PBXBuildFile; fileRef = 0E468CB22B0DDD6A00201507 /* NetworkError.swift */; };
		0E468CB72B0DE86100201507 /* APIError.swift in Sources */ = {isa = PBXBuildFile; fileRef = 0E468CB62B0DE86100201507 /* APIError.swift */; };
		0E4A84842B0C48F700726F9F /* NetworkManager.swift in Sources */ = {isa = PBXBuildFile; fileRef = 0E4A84832B0C48F700726F9F /* NetworkManager.swift */; };
		0EFE826F2B0EE0300021B2EF /* Model.swift in Sources */ = {isa = PBXBuildFile; fileRef = 0EFE826E2B0EE0300021B2EF /* Model.swift */; };
		0EFE82712B0EE2A00021B2EF /* KeyAuthenticatable.swift in Sources */ = {isa = PBXBuildFile; fileRef = 0EFE82702B0EE2A00021B2EF /* KeyAuthenticatable.swift */; };
		A60EE1782B28266500053252 /* UIImageView+Extension.swift in Sources */ = {isa = PBXBuildFile; fileRef = A60EE1772B28266500053252 /* UIImageView+Extension.swift */; };
		A62E3DC62B23358A00F79A8C /* ImageAPI.swift in Sources */ = {isa = PBXBuildFile; fileRef = A62E3DC52B23358A00F79A8C /* ImageAPI.swift */; };
		A647C3B02B1431A800D386FB /* LocationManager.swift in Sources */ = {isa = PBXBuildFile; fileRef = A647C3AF2B1431A800D386FB /* LocationManager.swift */; };
		A64F0E0B2B0F69DF00FC988F /* RequestSessionable.swift in Sources */ = {isa = PBXBuildFile; fileRef = A64F0E0A2B0F69DF00FC988F /* RequestSessionable.swift */; };
		A64F0E122B1059E600FC988F /* Requestable.swift in Sources */ = {isa = PBXBuildFile; fileRef = A64F0E112B1059E600FC988F /* Requestable.swift */; };
		A64F0E192B10679A00FC988F /* RequestDataTaskable.swift in Sources */ = {isa = PBXBuildFile; fileRef = A64F0E182B10679A00FC988F /* RequestDataTaskable.swift */; };
		A6A891622B0F25C400D2AC27 /* Networker.swift in Sources */ = {isa = PBXBuildFile; fileRef = A6A891612B0F25C400D2AC27 /* Networker.swift */; };
		A6AA0AEF2B18484F005750B9 /* LocationError.swift in Sources */ = {isa = PBXBuildFile; fileRef = A6AA0AEE2B18484F005750B9 /* LocationError.swift */; };
		A6AFCADF2B0DFBB3004CACBF /* Networkable.swift in Sources */ = {isa = PBXBuildFile; fileRef = A6AFCADE2B0DFBB3004CACBF /* Networkable.swift */; };
		A6CACFE12B1D60D400B5FEA5 /* WeatherForecastView.swift in Sources */ = {isa = PBXBuildFile; fileRef = A6CACFE02B1D60D400B5FEA5 /* WeatherForecastView.swift */; };
		A6CB06532B1F4A6800A75C37 /* WeatherForecastCell.swift in Sources */ = {isa = PBXBuildFile; fileRef = A6CB06522B1F4A6800A75C37 /* WeatherForecastCell.swift */; };
		A6CB06552B1F4A7200A75C37 /* WeatherForecastHeaderView.swift in Sources */ = {isa = PBXBuildFile; fileRef = A6CB06542B1F4A7200A75C37 /* WeatherForecastHeaderView.swift */; };
		A6E4DD522B1730220068E00C /* WeatherAPI.swift in Sources */ = {isa = PBXBuildFile; fileRef = A6E4DD512B1730220068E00C /* WeatherAPI.swift */; };
		A6E4DD572B1730570068E00C /* ModelCurrentWeather+Extension.swift in Sources */ = {isa = PBXBuildFile; fileRef = A6E4DD542B1730570068E00C /* ModelCurrentWeather+Extension.swift */; };
		A6E4DD582B1730570068E00C /* ModelFiveDaysWeather+Extension.swift in Sources */ = {isa = PBXBuildFile; fileRef = A6E4DD552B1730570068E00C /* ModelFiveDaysWeather+Extension.swift */; };
		A6E4DD592B1730570068E00C /* Model+Extension.swift in Sources */ = {isa = PBXBuildFile; fileRef = A6E4DD562B1730570068E00C /* Model+Extension.swift */; };
		A6E4DD5E2B1731650068E00C /* APIKeyList.plist in Resources */ = {isa = PBXBuildFile; fileRef = A6E4DD5D2B1731650068E00C /* APIKeyList.plist */; };
		A6F3D5A62B25D5A400A44123 /* Locator.swift in Sources */ = {isa = PBXBuildFile; fileRef = A6F3D5A52B25D5A400A44123 /* Locator.swift */; };
		A6F3D5AA2B25EF3C00A44123 /* WeatherForecastHeaderViewError.swift in Sources */ = {isa = PBXBuildFile; fileRef = A6F3D5A92B25EF3C00A44123 /* WeatherForecastHeaderViewError.swift */; };
		A6F3D5AC2B25F45000A44123 /* WeatherForecastCellError.swift in Sources */ = {isa = PBXBuildFile; fileRef = A6F3D5AB2B25F45000A44123 /* WeatherForecastCellError.swift */; };
		A6F3D5AE2B2601BF00A44123 /* DateFormatter+Extension.swift in Sources */ = {isa = PBXBuildFile; fileRef = A6F3D5AD2B2601BF00A44123 /* DateFormatter+Extension.swift */; };
		C79C8CF425ADDDF200EEE3F1 /* AppDelegate.swift in Sources */ = {isa = PBXBuildFile; fileRef = C79C8CF325ADDDF200EEE3F1 /* AppDelegate.swift */; };
		C79C8CF625ADDDF200EEE3F1 /* SceneDelegate.swift in Sources */ = {isa = PBXBuildFile; fileRef = C79C8CF525ADDDF200EEE3F1 /* SceneDelegate.swift */; };
		C79C8CF825ADDDF200EEE3F1 /* WeatherForecastViewController.swift in Sources */ = {isa = PBXBuildFile; fileRef = C79C8CF725ADDDF200EEE3F1 /* WeatherForecastViewController.swift */; };
		C79C8CFD25ADDDF300EEE3F1 /* Assets.xcassets in Resources */ = {isa = PBXBuildFile; fileRef = C79C8CFC25ADDDF300EEE3F1 /* Assets.xcassets */; };
		C79C8D0025ADDDF300EEE3F1 /* LaunchScreen.storyboard in Resources */ = {isa = PBXBuildFile; fileRef = C79C8CFE25ADDDF300EEE3F1 /* LaunchScreen.storyboard */; };
		C79C8D0B25ADDDF400EEE3F1 /* WeatherForecastTests.swift in Sources */ = {isa = PBXBuildFile; fileRef = C79C8D0A25ADDDF400EEE3F1 /* WeatherForecastTests.swift */; };
		C79C8D1625ADDDF400EEE3F1 /* WeatherForecastUITests.swift in Sources */ = {isa = PBXBuildFile; fileRef = C79C8D1525ADDDF400EEE3F1 /* WeatherForecastUITests.swift */; };
/* End PBXBuildFile section */

/* Begin PBXContainerItemProxy section */
		C79C8D0725ADDDF400EEE3F1 /* PBXContainerItemProxy */ = {
			isa = PBXContainerItemProxy;
			containerPortal = C79C8CE825ADDDF200EEE3F1 /* Project object */;
			proxyType = 1;
			remoteGlobalIDString = C79C8CEF25ADDDF200EEE3F1;
			remoteInfo = WeatherForecast;
		};
		C79C8D1225ADDDF400EEE3F1 /* PBXContainerItemProxy */ = {
			isa = PBXContainerItemProxy;
			containerPortal = C79C8CE825ADDDF200EEE3F1 /* Project object */;
			proxyType = 1;
			remoteGlobalIDString = C79C8CEF25ADDDF200EEE3F1;
			remoteInfo = WeatherForecast;
		};
/* End PBXContainerItemProxy section */

/* Begin PBXFileReference section */
		0E468CB22B0DDD6A00201507 /* NetworkError.swift */ = {isa = PBXFileReference; lastKnownFileType = sourcecode.swift; path = NetworkError.swift; sourceTree = "<group>"; };
		0E468CB62B0DE86100201507 /* APIError.swift */ = {isa = PBXFileReference; lastKnownFileType = sourcecode.swift; path = APIError.swift; sourceTree = "<group>"; };
		0E4A84832B0C48F700726F9F /* NetworkManager.swift */ = {isa = PBXFileReference; lastKnownFileType = sourcecode.swift; path = NetworkManager.swift; sourceTree = "<group>"; };
		0EFE826E2B0EE0300021B2EF /* Model.swift */ = {isa = PBXFileReference; lastKnownFileType = sourcecode.swift; path = Model.swift; sourceTree = "<group>"; };
		0EFE82702B0EE2A00021B2EF /* KeyAuthenticatable.swift */ = {isa = PBXFileReference; lastKnownFileType = sourcecode.swift; path = KeyAuthenticatable.swift; sourceTree = "<group>"; };
		A60EE1772B28266500053252 /* UIImageView+Extension.swift */ = {isa = PBXFileReference; lastKnownFileType = sourcecode.swift; path = "UIImageView+Extension.swift"; sourceTree = "<group>"; };
		A62E3DC52B23358A00F79A8C /* ImageAPI.swift */ = {isa = PBXFileReference; lastKnownFileType = sourcecode.swift; path = ImageAPI.swift; sourceTree = "<group>"; };
		A647C3AF2B1431A800D386FB /* LocationManager.swift */ = {isa = PBXFileReference; lastKnownFileType = sourcecode.swift; path = LocationManager.swift; sourceTree = "<group>"; };
		A64F0E0A2B0F69DF00FC988F /* RequestSessionable.swift */ = {isa = PBXFileReference; lastKnownFileType = sourcecode.swift; path = RequestSessionable.swift; sourceTree = "<group>"; };
		A64F0E112B1059E600FC988F /* Requestable.swift */ = {isa = PBXFileReference; lastKnownFileType = sourcecode.swift; path = Requestable.swift; sourceTree = "<group>"; };
		A64F0E182B10679A00FC988F /* RequestDataTaskable.swift */ = {isa = PBXFileReference; lastKnownFileType = sourcecode.swift; path = RequestDataTaskable.swift; sourceTree = "<group>"; };
		A6A891612B0F25C400D2AC27 /* Networker.swift */ = {isa = PBXFileReference; lastKnownFileType = sourcecode.swift; path = Networker.swift; sourceTree = "<group>"; };
		A6AA0AEE2B18484F005750B9 /* LocationError.swift */ = {isa = PBXFileReference; lastKnownFileType = sourcecode.swift; name = LocationError.swift; path = WeatherForecast/Errors/LocationError.swift; sourceTree = SOURCE_ROOT; };
		A6AFCADE2B0DFBB3004CACBF /* Networkable.swift */ = {isa = PBXFileReference; lastKnownFileType = sourcecode.swift; path = Networkable.swift; sourceTree = "<group>"; };
		A6CACFE02B1D60D400B5FEA5 /* WeatherForecastView.swift */ = {isa = PBXFileReference; lastKnownFileType = sourcecode.swift; path = WeatherForecastView.swift; sourceTree = "<group>"; };
		A6CB06522B1F4A6800A75C37 /* WeatherForecastCell.swift */ = {isa = PBXFileReference; lastKnownFileType = sourcecode.swift; path = WeatherForecastCell.swift; sourceTree = "<group>"; };
		A6CB06542B1F4A7200A75C37 /* WeatherForecastHeaderView.swift */ = {isa = PBXFileReference; lastKnownFileType = sourcecode.swift; path = WeatherForecastHeaderView.swift; sourceTree = "<group>"; };
		A6E4DD512B1730220068E00C /* WeatherAPI.swift */ = {isa = PBXFileReference; fileEncoding = 4; lastKnownFileType = sourcecode.swift; path = WeatherAPI.swift; sourceTree = "<group>"; };
		A6E4DD542B1730570068E00C /* ModelCurrentWeather+Extension.swift */ = {isa = PBXFileReference; fileEncoding = 4; lastKnownFileType = sourcecode.swift; path = "ModelCurrentWeather+Extension.swift"; sourceTree = "<group>"; };
		A6E4DD552B1730570068E00C /* ModelFiveDaysWeather+Extension.swift */ = {isa = PBXFileReference; fileEncoding = 4; lastKnownFileType = sourcecode.swift; path = "ModelFiveDaysWeather+Extension.swift"; sourceTree = "<group>"; };
		A6E4DD562B1730570068E00C /* Model+Extension.swift */ = {isa = PBXFileReference; fileEncoding = 4; lastKnownFileType = sourcecode.swift; path = "Model+Extension.swift"; sourceTree = "<group>"; };
		A6E4DD5D2B1731650068E00C /* APIKeyList.plist */ = {isa = PBXFileReference; lastKnownFileType = text.plist.xml; path = APIKeyList.plist; sourceTree = "<group>"; };
		A6F3D5A52B25D5A400A44123 /* Locator.swift */ = {isa = PBXFileReference; lastKnownFileType = sourcecode.swift; path = Locator.swift; sourceTree = "<group>"; };
		A6F3D5A92B25EF3C00A44123 /* WeatherForecastHeaderViewError.swift */ = {isa = PBXFileReference; lastKnownFileType = sourcecode.swift; path = WeatherForecastHeaderViewError.swift; sourceTree = "<group>"; };
		A6F3D5AB2B25F45000A44123 /* WeatherForecastCellError.swift */ = {isa = PBXFileReference; lastKnownFileType = sourcecode.swift; path = WeatherForecastCellError.swift; sourceTree = "<group>"; };
		A6F3D5AD2B2601BF00A44123 /* DateFormatter+Extension.swift */ = {isa = PBXFileReference; lastKnownFileType = sourcecode.swift; path = "DateFormatter+Extension.swift"; sourceTree = "<group>"; };
		C79C8CF025ADDDF200EEE3F1 /* WeatherForecast.app */ = {isa = PBXFileReference; explicitFileType = wrapper.application; includeInIndex = 0; path = WeatherForecast.app; sourceTree = BUILT_PRODUCTS_DIR; };
		C79C8CF325ADDDF200EEE3F1 /* AppDelegate.swift */ = {isa = PBXFileReference; lastKnownFileType = sourcecode.swift; path = AppDelegate.swift; sourceTree = "<group>"; };
		C79C8CF525ADDDF200EEE3F1 /* SceneDelegate.swift */ = {isa = PBXFileReference; lastKnownFileType = sourcecode.swift; path = SceneDelegate.swift; sourceTree = "<group>"; };
		C79C8CF725ADDDF200EEE3F1 /* WeatherForecastViewController.swift */ = {isa = PBXFileReference; lastKnownFileType = sourcecode.swift; path = WeatherForecastViewController.swift; sourceTree = "<group>"; };
		C79C8CFC25ADDDF300EEE3F1 /* Assets.xcassets */ = {isa = PBXFileReference; lastKnownFileType = folder.assetcatalog; path = Assets.xcassets; sourceTree = "<group>"; };
		C79C8CFF25ADDDF300EEE3F1 /* Base */ = {isa = PBXFileReference; lastKnownFileType = file.storyboard; name = Base; path = Base.lproj/LaunchScreen.storyboard; sourceTree = "<group>"; };
		C79C8D0125ADDDF300EEE3F1 /* Info.plist */ = {isa = PBXFileReference; lastKnownFileType = text.plist.xml; path = Info.plist; sourceTree = "<group>"; };
		C79C8D0625ADDDF400EEE3F1 /* WeatherForecastTests.xctest */ = {isa = PBXFileReference; explicitFileType = wrapper.cfbundle; includeInIndex = 0; path = WeatherForecastTests.xctest; sourceTree = BUILT_PRODUCTS_DIR; };
		C79C8D0A25ADDDF400EEE3F1 /* WeatherForecastTests.swift */ = {isa = PBXFileReference; lastKnownFileType = sourcecode.swift; path = WeatherForecastTests.swift; sourceTree = "<group>"; };
		C79C8D0C25ADDDF400EEE3F1 /* Info.plist */ = {isa = PBXFileReference; lastKnownFileType = text.plist.xml; path = Info.plist; sourceTree = "<group>"; };
		C79C8D1125ADDDF400EEE3F1 /* WeatherForecastUITests.xctest */ = {isa = PBXFileReference; explicitFileType = wrapper.cfbundle; includeInIndex = 0; path = WeatherForecastUITests.xctest; sourceTree = BUILT_PRODUCTS_DIR; };
		C79C8D1525ADDDF400EEE3F1 /* WeatherForecastUITests.swift */ = {isa = PBXFileReference; lastKnownFileType = sourcecode.swift; path = WeatherForecastUITests.swift; sourceTree = "<group>"; };
		C79C8D1725ADDDF400EEE3F1 /* Info.plist */ = {isa = PBXFileReference; lastKnownFileType = text.plist.xml; path = Info.plist; sourceTree = "<group>"; };
/* End PBXFileReference section */

/* Begin PBXFrameworksBuildPhase section */
		C79C8CED25ADDDF200EEE3F1 /* Frameworks */ = {
			isa = PBXFrameworksBuildPhase;
			buildActionMask = 2147483647;
			files = (
			);
			runOnlyForDeploymentPostprocessing = 0;
		};
		C79C8D0325ADDDF400EEE3F1 /* Frameworks */ = {
			isa = PBXFrameworksBuildPhase;
			buildActionMask = 2147483647;
			files = (
			);
			runOnlyForDeploymentPostprocessing = 0;
		};
		C79C8D0E25ADDDF400EEE3F1 /* Frameworks */ = {
			isa = PBXFrameworksBuildPhase;
			buildActionMask = 2147483647;
			files = (
			);
			runOnlyForDeploymentPostprocessing = 0;
		};
/* End PBXFrameworksBuildPhase section */

/* Begin PBXGroup section */
		0E468CB42B0DDD8100201507 /* Protocols */ = {
			isa = PBXGroup;
			children = (
				A64F0E112B1059E600FC988F /* Requestable.swift */,
				A6AFCADE2B0DFBB3004CACBF /* Networkable.swift */,
				0EFE82702B0EE2A00021B2EF /* KeyAuthenticatable.swift */,
				A64F0E0A2B0F69DF00FC988F /* RequestSessionable.swift */,
				A64F0E182B10679A00FC988F /* RequestDataTaskable.swift */,
			);
			path = Protocols;
			sourceTree = "<group>";
		};
		0E468CB52B0DE83D00201507 /* Errors */ = {
			isa = PBXGroup;
			children = (
				0E468CB22B0DDD6A00201507 /* NetworkError.swift */,
				A6AA0AEE2B18484F005750B9 /* LocationError.swift */,
				0E468CB62B0DE86100201507 /* APIError.swift */,
				A6F3D5A92B25EF3C00A44123 /* WeatherForecastHeaderViewError.swift */,
				A6F3D5AB2B25F45000A44123 /* WeatherForecastCellError.swift */,
			);
			path = Errors;
			sourceTree = "<group>";
		};
		0E4A84822B0C48E400726F9F /* Utilities */ = {
			isa = PBXGroup;
			children = (
				0E4A84832B0C48F700726F9F /* NetworkManager.swift */,
				A6A891612B0F25C400D2AC27 /* Networker.swift */,
				A647C3AF2B1431A800D386FB /* LocationManager.swift */,
				A6F3D5A52B25D5A400A44123 /* Locator.swift */,
			);
			path = Utilities;
			sourceTree = "<group>";
		};
		A650B56B2B0B627800649805 /* Models */ = {
			isa = PBXGroup;
			children = (
				0EFE826E2B0EE0300021B2EF /* Model.swift */,
			);
			path = Models;
			sourceTree = "<group>";
		};
		A6A8915A2B0F0ACB00D2AC27 /* ViewControllers */ = {
			isa = PBXGroup;
			children = (
				C79C8CF725ADDDF200EEE3F1 /* WeatherForecastViewController.swift */,
			);
			name = ViewControllers;
			path = "New Group/ViewControllers";
			sourceTree = "<group>";
		};
		A6B4512E2B1D6018002FC823 /* Views */ = {
			isa = PBXGroup;
			children = (
				A6CACFE02B1D60D400B5FEA5 /* WeatherForecastView.swift */,
				A6CB06522B1F4A6800A75C37 /* WeatherForecastCell.swift */,
				A6CB06542B1F4A7200A75C37 /* WeatherForecastHeaderView.swift */,
			);
			path = Views;
			sourceTree = "<group>";
		};
		A6E4DD502B1730220068E00C /* Enums */ = {
			isa = PBXGroup;
			children = (
				A6E4DD512B1730220068E00C /* WeatherAPI.swift */,
				A62E3DC52B23358A00F79A8C /* ImageAPI.swift */,
			);
			path = Enums;
			sourceTree = "<group>";
		};
		A6E4DD532B1730570068E00C /* Extensions */ = {
			isa = PBXGroup;
			children = (
				A6E4DD542B1730570068E00C /* ModelCurrentWeather+Extension.swift */,
				A6E4DD552B1730570068E00C /* ModelFiveDaysWeather+Extension.swift */,
				A6E4DD562B1730570068E00C /* Model+Extension.swift */,
				A6F3D5AD2B2601BF00A44123 /* DateFormatter+Extension.swift */,
				A60EE1772B28266500053252 /* UIImageView+Extension.swift */,
			);
			path = Extensions;
			sourceTree = "<group>";
		};
		A6E4DD5A2B1731070068E00C /* Delegates */ = {
			isa = PBXGroup;
			children = (
				C79C8CF325ADDDF200EEE3F1 /* AppDelegate.swift */,
				C79C8CF525ADDDF200EEE3F1 /* SceneDelegate.swift */,
			);
			path = Delegates;
			sourceTree = "<group>";
		};
		C79C8CE725ADDDF200EEE3F1 = {
			isa = PBXGroup;
			children = (
				C79C8CF225ADDDF200EEE3F1 /* WeatherForecast */,
				C79C8D0925ADDDF400EEE3F1 /* WeatherForecastTests */,
				C79C8D1425ADDDF400EEE3F1 /* WeatherForecastUITests */,
				C79C8CF125ADDDF200EEE3F1 /* Products */,
			);
			sourceTree = "<group>";
		};
		C79C8CF125ADDDF200EEE3F1 /* Products */ = {
			isa = PBXGroup;
			children = (
				C79C8CF025ADDDF200EEE3F1 /* WeatherForecast.app */,
				C79C8D0625ADDDF400EEE3F1 /* WeatherForecastTests.xctest */,
				C79C8D1125ADDDF400EEE3F1 /* WeatherForecastUITests.xctest */,
			);
			name = Products;
			sourceTree = "<group>";
		};
		C79C8CF225ADDDF200EEE3F1 /* WeatherForecast */ = {
			isa = PBXGroup;
			children = (
				A6E4DD5D2B1731650068E00C /* APIKeyList.plist */,
				C79C8D0125ADDDF300EEE3F1 /* Info.plist */,
				A6E4DD502B1730220068E00C /* Enums */,
				0E4A84822B0C48E400726F9F /* Utilities */,
				0E468CB52B0DE83D00201507 /* Errors */,
				0E468CB42B0DDD8100201507 /* Protocols */,
				A6B4512E2B1D6018002FC823 /* Views */,
				A6A8915A2B0F0ACB00D2AC27 /* ViewControllers */,
				A650B56B2B0B627800649805 /* Models */,
				A6E4DD532B1730570068E00C /* Extensions */,
				A6E4DD5A2B1731070068E00C /* Delegates */,
				C79C8CFC25ADDDF300EEE3F1 /* Assets.xcassets */,
				C79C8CFE25ADDDF300EEE3F1 /* LaunchScreen.storyboard */,
			);
			path = WeatherForecast;
			sourceTree = "<group>";
		};
		C79C8D0925ADDDF400EEE3F1 /* WeatherForecastTests */ = {
			isa = PBXGroup;
			children = (
				C79C8D0A25ADDDF400EEE3F1 /* WeatherForecastTests.swift */,
				C79C8D0C25ADDDF400EEE3F1 /* Info.plist */,
			);
			path = WeatherForecastTests;
			sourceTree = "<group>";
		};
		C79C8D1425ADDDF400EEE3F1 /* WeatherForecastUITests */ = {
			isa = PBXGroup;
			children = (
				C79C8D1525ADDDF400EEE3F1 /* WeatherForecastUITests.swift */,
				C79C8D1725ADDDF400EEE3F1 /* Info.plist */,
			);
			path = WeatherForecastUITests;
			sourceTree = "<group>";
		};
/* End PBXGroup section */

/* Begin PBXNativeTarget section */
		C79C8CEF25ADDDF200EEE3F1 /* WeatherForecast */ = {
			isa = PBXNativeTarget;
			buildConfigurationList = C79C8D1A25ADDDF400EEE3F1 /* Build configuration list for PBXNativeTarget "WeatherForecast" */;
			buildPhases = (
				C79C8CEC25ADDDF200EEE3F1 /* Sources */,
				C79C8CED25ADDDF200EEE3F1 /* Frameworks */,
				C79C8CEE25ADDDF200EEE3F1 /* Resources */,
			);
			buildRules = (
			);
			dependencies = (
			);
			name = WeatherForecast;
			productName = WeatherForecast;
			productReference = C79C8CF025ADDDF200EEE3F1 /* WeatherForecast.app */;
			productType = "com.apple.product-type.application";
		};
		C79C8D0525ADDDF400EEE3F1 /* WeatherForecastTests */ = {
			isa = PBXNativeTarget;
			buildConfigurationList = C79C8D1D25ADDDF400EEE3F1 /* Build configuration list for PBXNativeTarget "WeatherForecastTests" */;
			buildPhases = (
				C79C8D0225ADDDF400EEE3F1 /* Sources */,
				C79C8D0325ADDDF400EEE3F1 /* Frameworks */,
				C79C8D0425ADDDF400EEE3F1 /* Resources */,
			);
			buildRules = (
			);
			dependencies = (
				C79C8D0825ADDDF400EEE3F1 /* PBXTargetDependency */,
			);
			name = WeatherForecastTests;
			productName = WeatherForecastTests;
			productReference = C79C8D0625ADDDF400EEE3F1 /* WeatherForecastTests.xctest */;
			productType = "com.apple.product-type.bundle.unit-test";
		};
		C79C8D1025ADDDF400EEE3F1 /* WeatherForecastUITests */ = {
			isa = PBXNativeTarget;
			buildConfigurationList = C79C8D2025ADDDF400EEE3F1 /* Build configuration list for PBXNativeTarget "WeatherForecastUITests" */;
			buildPhases = (
				C79C8D0D25ADDDF400EEE3F1 /* Sources */,
				C79C8D0E25ADDDF400EEE3F1 /* Frameworks */,
				C79C8D0F25ADDDF400EEE3F1 /* Resources */,
			);
			buildRules = (
			);
			dependencies = (
				C79C8D1325ADDDF400EEE3F1 /* PBXTargetDependency */,
			);
			name = WeatherForecastUITests;
			productName = WeatherForecastUITests;
			productReference = C79C8D1125ADDDF400EEE3F1 /* WeatherForecastUITests.xctest */;
			productType = "com.apple.product-type.bundle.ui-testing";
		};
/* End PBXNativeTarget section */

/* Begin PBXProject section */
		C79C8CE825ADDDF200EEE3F1 /* Project object */ = {
			isa = PBXProject;
			attributes = {
				BuildIndependentTargetsInParallel = YES;
				LastSwiftUpdateCheck = 1230;
				LastUpgradeCheck = 1500;
				TargetAttributes = {
					C79C8CEF25ADDDF200EEE3F1 = {
						CreatedOnToolsVersion = 12.3;
					};
					C79C8D0525ADDDF400EEE3F1 = {
						CreatedOnToolsVersion = 12.3;
						TestTargetID = C79C8CEF25ADDDF200EEE3F1;
					};
					C79C8D1025ADDDF400EEE3F1 = {
						CreatedOnToolsVersion = 12.3;
						TestTargetID = C79C8CEF25ADDDF200EEE3F1;
					};
				};
			};
			buildConfigurationList = C79C8CEB25ADDDF200EEE3F1 /* Build configuration list for PBXProject "WeatherForecast" */;
			compatibilityVersion = "Xcode 9.3";
			developmentRegion = en;
			hasScannedForEncodings = 0;
			knownRegions = (
				en,
				Base,
			);
			mainGroup = C79C8CE725ADDDF200EEE3F1;
			productRefGroup = C79C8CF125ADDDF200EEE3F1 /* Products */;
			projectDirPath = "";
			projectRoot = "";
			targets = (
				C79C8CEF25ADDDF200EEE3F1 /* WeatherForecast */,
				C79C8D0525ADDDF400EEE3F1 /* WeatherForecastTests */,
				C79C8D1025ADDDF400EEE3F1 /* WeatherForecastUITests */,
			);
		};
/* End PBXProject section */

/* Begin PBXResourcesBuildPhase section */
		C79C8CEE25ADDDF200EEE3F1 /* Resources */ = {
			isa = PBXResourcesBuildPhase;
			buildActionMask = 2147483647;
			files = (
				C79C8D0025ADDDF300EEE3F1 /* LaunchScreen.storyboard in Resources */,
				A6E4DD5E2B1731650068E00C /* APIKeyList.plist in Resources */,
				C79C8CFD25ADDDF300EEE3F1 /* Assets.xcassets in Resources */,
			);
			runOnlyForDeploymentPostprocessing = 0;
		};
		C79C8D0425ADDDF400EEE3F1 /* Resources */ = {
			isa = PBXResourcesBuildPhase;
			buildActionMask = 2147483647;
			files = (
			);
			runOnlyForDeploymentPostprocessing = 0;
		};
		C79C8D0F25ADDDF400EEE3F1 /* Resources */ = {
			isa = PBXResourcesBuildPhase;
			buildActionMask = 2147483647;
			files = (
			);
			runOnlyForDeploymentPostprocessing = 0;
		};
/* End PBXResourcesBuildPhase section */

/* Begin PBXSourcesBuildPhase section */
		C79C8CEC25ADDDF200EEE3F1 /* Sources */ = {
			isa = PBXSourcesBuildPhase;
			buildActionMask = 2147483647;
			files = (
				A64F0E0B2B0F69DF00FC988F /* RequestSessionable.swift in Sources */,
				A62E3DC62B23358A00F79A8C /* ImageAPI.swift in Sources */,
				A6E4DD572B1730570068E00C /* ModelCurrentWeather+Extension.swift in Sources */,
				A6F3D5AA2B25EF3C00A44123 /* WeatherForecastHeaderViewError.swift in Sources */,
				A6CB06532B1F4A6800A75C37 /* WeatherForecastCell.swift in Sources */,
				0E4A84842B0C48F700726F9F /* NetworkManager.swift in Sources */,
				A64F0E122B1059E600FC988F /* Requestable.swift in Sources */,
				A6A891622B0F25C400D2AC27 /* Networker.swift in Sources */,
				C79C8CF825ADDDF200EEE3F1 /* WeatherForecastViewController.swift in Sources */,
				A6E4DD522B1730220068E00C /* WeatherAPI.swift in Sources */,
				A6AA0AEF2B18484F005750B9 /* LocationError.swift in Sources */,
				C79C8CF425ADDDF200EEE3F1 /* AppDelegate.swift in Sources */,
				0E468CB72B0DE86100201507 /* APIError.swift in Sources */,
				A647C3B02B1431A800D386FB /* LocationManager.swift in Sources */,
				0EFE82712B0EE2A00021B2EF /* KeyAuthenticatable.swift in Sources */,
				A60EE1782B28266500053252 /* UIImageView+Extension.swift in Sources */,
				A6AFCADF2B0DFBB3004CACBF /* Networkable.swift in Sources */,
				A64F0E192B10679A00FC988F /* RequestDataTaskable.swift in Sources */,
				A6CACFE12B1D60D400B5FEA5 /* WeatherForecastView.swift in Sources */,
				0E468CB32B0DDD6A00201507 /* NetworkError.swift in Sources */,
				A6CB06552B1F4A7200A75C37 /* WeatherForecastHeaderView.swift in Sources */,
				0EFE826F2B0EE0300021B2EF /* Model.swift in Sources */,
				A6F3D5AE2B2601BF00A44123 /* DateFormatter+Extension.swift in Sources */,
				A6F3D5A62B25D5A400A44123 /* Locator.swift in Sources */,
				C79C8CF625ADDDF200EEE3F1 /* SceneDelegate.swift in Sources */,
				A6E4DD592B1730570068E00C /* Model+Extension.swift in Sources */,
				A6F3D5AC2B25F45000A44123 /* WeatherForecastCellError.swift in Sources */,
				A6E4DD582B1730570068E00C /* ModelFiveDaysWeather+Extension.swift in Sources */,
			);
			runOnlyForDeploymentPostprocessing = 0;
		};
		C79C8D0225ADDDF400EEE3F1 /* Sources */ = {
			isa = PBXSourcesBuildPhase;
			buildActionMask = 2147483647;
			files = (
				C79C8D0B25ADDDF400EEE3F1 /* WeatherForecastTests.swift in Sources */,
			);
			runOnlyForDeploymentPostprocessing = 0;
		};
		C79C8D0D25ADDDF400EEE3F1 /* Sources */ = {
			isa = PBXSourcesBuildPhase;
			buildActionMask = 2147483647;
			files = (
				C79C8D1625ADDDF400EEE3F1 /* WeatherForecastUITests.swift in Sources */,
			);
			runOnlyForDeploymentPostprocessing = 0;
		};
/* End PBXSourcesBuildPhase section */

/* Begin PBXTargetDependency section */
		C79C8D0825ADDDF400EEE3F1 /* PBXTargetDependency */ = {
			isa = PBXTargetDependency;
			target = C79C8CEF25ADDDF200EEE3F1 /* WeatherForecast */;
			targetProxy = C79C8D0725ADDDF400EEE3F1 /* PBXContainerItemProxy */;
		};
		C79C8D1325ADDDF400EEE3F1 /* PBXTargetDependency */ = {
			isa = PBXTargetDependency;
			target = C79C8CEF25ADDDF200EEE3F1 /* WeatherForecast */;
			targetProxy = C79C8D1225ADDDF400EEE3F1 /* PBXContainerItemProxy */;
		};
/* End PBXTargetDependency section */

/* Begin PBXVariantGroup section */
		C79C8CFE25ADDDF300EEE3F1 /* LaunchScreen.storyboard */ = {
			isa = PBXVariantGroup;
			children = (
				C79C8CFF25ADDDF300EEE3F1 /* Base */,
			);
			name = LaunchScreen.storyboard;
			sourceTree = "<group>";
		};
/* End PBXVariantGroup section */

/* Begin XCBuildConfiguration section */
		C79C8D1825ADDDF400EEE3F1 /* Debug */ = {
			isa = XCBuildConfiguration;
			buildSettings = {
				ALWAYS_SEARCH_USER_PATHS = NO;
				CLANG_ANALYZER_NONNULL = YES;
				CLANG_ANALYZER_NUMBER_OBJECT_CONVERSION = YES_AGGRESSIVE;
				CLANG_CXX_LANGUAGE_STANDARD = "gnu++14";
				CLANG_CXX_LIBRARY = "libc++";
				CLANG_ENABLE_MODULES = YES;
				CLANG_ENABLE_OBJC_ARC = YES;
				CLANG_ENABLE_OBJC_WEAK = YES;
				CLANG_WARN_BLOCK_CAPTURE_AUTORELEASING = YES;
				CLANG_WARN_BOOL_CONVERSION = YES;
				CLANG_WARN_COMMA = YES;
				CLANG_WARN_CONSTANT_CONVERSION = YES;
				CLANG_WARN_DEPRECATED_OBJC_IMPLEMENTATIONS = YES;
				CLANG_WARN_DIRECT_OBJC_ISA_USAGE = YES_ERROR;
				CLANG_WARN_DOCUMENTATION_COMMENTS = YES;
				CLANG_WARN_EMPTY_BODY = YES;
				CLANG_WARN_ENUM_CONVERSION = YES;
				CLANG_WARN_INFINITE_RECURSION = YES;
				CLANG_WARN_INT_CONVERSION = YES;
				CLANG_WARN_NON_LITERAL_NULL_CONVERSION = YES;
				CLANG_WARN_OBJC_IMPLICIT_RETAIN_SELF = YES;
				CLANG_WARN_OBJC_LITERAL_CONVERSION = YES;
				CLANG_WARN_OBJC_ROOT_CLASS = YES_ERROR;
				CLANG_WARN_QUOTED_INCLUDE_IN_FRAMEWORK_HEADER = YES;
				CLANG_WARN_RANGE_LOOP_ANALYSIS = YES;
				CLANG_WARN_STRICT_PROTOTYPES = YES;
				CLANG_WARN_SUSPICIOUS_MOVE = YES;
				CLANG_WARN_UNGUARDED_AVAILABILITY = YES_AGGRESSIVE;
				CLANG_WARN_UNREACHABLE_CODE = YES;
				CLANG_WARN__DUPLICATE_METHOD_MATCH = YES;
				COPY_PHASE_STRIP = NO;
				DEBUG_INFORMATION_FORMAT = dwarf;
				ENABLE_STRICT_OBJC_MSGSEND = YES;
				ENABLE_TESTABILITY = YES;
				ENABLE_USER_SCRIPT_SANDBOXING = YES;
				GCC_C_LANGUAGE_STANDARD = gnu11;
				GCC_DYNAMIC_NO_PIC = NO;
				GCC_NO_COMMON_BLOCKS = YES;
				GCC_OPTIMIZATION_LEVEL = 0;
				GCC_PREPROCESSOR_DEFINITIONS = (
					"DEBUG=1",
					"$(inherited)",
				);
				GCC_WARN_64_TO_32_BIT_CONVERSION = YES;
				GCC_WARN_ABOUT_RETURN_TYPE = YES_ERROR;
				GCC_WARN_UNDECLARED_SELECTOR = YES;
				GCC_WARN_UNINITIALIZED_AUTOS = YES_AGGRESSIVE;
				GCC_WARN_UNUSED_FUNCTION = YES;
				GCC_WARN_UNUSED_VARIABLE = YES;
				IPHONEOS_DEPLOYMENT_TARGET = 14.5;
				MTL_ENABLE_DEBUG_INFO = INCLUDE_SOURCE;
				MTL_FAST_MATH = YES;
				ONLY_ACTIVE_ARCH = YES;
				SDKROOT = iphoneos;
				SWIFT_ACTIVE_COMPILATION_CONDITIONS = DEBUG;
				SWIFT_OPTIMIZATION_LEVEL = "-Onone";
			};
			name = Debug;
		};
		C79C8D1925ADDDF400EEE3F1 /* Release */ = {
			isa = XCBuildConfiguration;
			buildSettings = {
				ALWAYS_SEARCH_USER_PATHS = NO;
				CLANG_ANALYZER_NONNULL = YES;
				CLANG_ANALYZER_NUMBER_OBJECT_CONVERSION = YES_AGGRESSIVE;
				CLANG_CXX_LANGUAGE_STANDARD = "gnu++14";
				CLANG_CXX_LIBRARY = "libc++";
				CLANG_ENABLE_MODULES = YES;
				CLANG_ENABLE_OBJC_ARC = YES;
				CLANG_ENABLE_OBJC_WEAK = YES;
				CLANG_WARN_BLOCK_CAPTURE_AUTORELEASING = YES;
				CLANG_WARN_BOOL_CONVERSION = YES;
				CLANG_WARN_COMMA = YES;
				CLANG_WARN_CONSTANT_CONVERSION = YES;
				CLANG_WARN_DEPRECATED_OBJC_IMPLEMENTATIONS = YES;
				CLANG_WARN_DIRECT_OBJC_ISA_USAGE = YES_ERROR;
				CLANG_WARN_DOCUMENTATION_COMMENTS = YES;
				CLANG_WARN_EMPTY_BODY = YES;
				CLANG_WARN_ENUM_CONVERSION = YES;
				CLANG_WARN_INFINITE_RECURSION = YES;
				CLANG_WARN_INT_CONVERSION = YES;
				CLANG_WARN_NON_LITERAL_NULL_CONVERSION = YES;
				CLANG_WARN_OBJC_IMPLICIT_RETAIN_SELF = YES;
				CLANG_WARN_OBJC_LITERAL_CONVERSION = YES;
				CLANG_WARN_OBJC_ROOT_CLASS = YES_ERROR;
				CLANG_WARN_QUOTED_INCLUDE_IN_FRAMEWORK_HEADER = YES;
				CLANG_WARN_RANGE_LOOP_ANALYSIS = YES;
				CLANG_WARN_STRICT_PROTOTYPES = YES;
				CLANG_WARN_SUSPICIOUS_MOVE = YES;
				CLANG_WARN_UNGUARDED_AVAILABILITY = YES_AGGRESSIVE;
				CLANG_WARN_UNREACHABLE_CODE = YES;
				CLANG_WARN__DUPLICATE_METHOD_MATCH = YES;
				COPY_PHASE_STRIP = NO;
				DEBUG_INFORMATION_FORMAT = "dwarf-with-dsym";
				ENABLE_NS_ASSERTIONS = NO;
				ENABLE_STRICT_OBJC_MSGSEND = YES;
				ENABLE_USER_SCRIPT_SANDBOXING = YES;
				GCC_C_LANGUAGE_STANDARD = gnu11;
				GCC_NO_COMMON_BLOCKS = YES;
				GCC_WARN_64_TO_32_BIT_CONVERSION = YES;
				GCC_WARN_ABOUT_RETURN_TYPE = YES_ERROR;
				GCC_WARN_UNDECLARED_SELECTOR = YES;
				GCC_WARN_UNINITIALIZED_AUTOS = YES_AGGRESSIVE;
				GCC_WARN_UNUSED_FUNCTION = YES;
				GCC_WARN_UNUSED_VARIABLE = YES;
				IPHONEOS_DEPLOYMENT_TARGET = 14.5;
				MTL_ENABLE_DEBUG_INFO = NO;
				MTL_FAST_MATH = YES;
				SDKROOT = iphoneos;
				SWIFT_COMPILATION_MODE = wholemodule;
				SWIFT_OPTIMIZATION_LEVEL = "-O";
				VALIDATE_PRODUCT = YES;
			};
			name = Release;
		};
		C79C8D1B25ADDDF400EEE3F1 /* Debug */ = {
			isa = XCBuildConfiguration;
			buildSettings = {
				ASSETCATALOG_COMPILER_APPICON_NAME = AppIcon;
				ASSETCATALOG_COMPILER_GLOBAL_ACCENT_COLOR_NAME = AccentColor;
				CODE_SIGN_STYLE = Automatic;
				DEVELOPMENT_TEAM = GWV26BWTUR;
				INFOPLIST_FILE = WeatherForecast/Info.plist;
				IPHONEOS_DEPLOYMENT_TARGET = 14.5;
				LD_RUNPATH_SEARCH_PATHS = (
					"$(inherited)",
					"@executable_path/Frameworks",
				);
				PRODUCT_BUNDLE_IDENTIFIER = net.yagom.WeatherForecast.JJongMango;
				PRODUCT_NAME = "$(TARGET_NAME)";
				SWIFT_VERSION = 5.0;
				TARGETED_DEVICE_FAMILY = "1,2";
			};
			name = Debug;
		};
		C79C8D1C25ADDDF400EEE3F1 /* Release */ = {
			isa = XCBuildConfiguration;
			buildSettings = {
				ASSETCATALOG_COMPILER_APPICON_NAME = AppIcon;
				ASSETCATALOG_COMPILER_GLOBAL_ACCENT_COLOR_NAME = AccentColor;
				CODE_SIGN_STYLE = Automatic;
				DEVELOPMENT_TEAM = GWV26BWTUR;
				INFOPLIST_FILE = WeatherForecast/Info.plist;
				IPHONEOS_DEPLOYMENT_TARGET = 14.5;
				LD_RUNPATH_SEARCH_PATHS = (
					"$(inherited)",
					"@executable_path/Frameworks",
				);
				PRODUCT_BUNDLE_IDENTIFIER = net.yagom.WeatherForecast.JJongMango;
				PRODUCT_NAME = "$(TARGET_NAME)";
				SWIFT_VERSION = 5.0;
				TARGETED_DEVICE_FAMILY = "1,2";
			};
			name = Release;
		};
		C79C8D1E25ADDDF400EEE3F1 /* Debug */ = {
			isa = XCBuildConfiguration;
			buildSettings = {
				ALWAYS_EMBED_SWIFT_STANDARD_LIBRARIES = YES;
				BUNDLE_LOADER = "$(TEST_HOST)";
				CODE_SIGN_STYLE = Automatic;
				INFOPLIST_FILE = WeatherForecastTests/Info.plist;
				IPHONEOS_DEPLOYMENT_TARGET = 14.3;
				LD_RUNPATH_SEARCH_PATHS = (
					"$(inherited)",
					"@executable_path/Frameworks",
					"@loader_path/Frameworks",
				);
				PRODUCT_BUNDLE_IDENTIFIER = net.yagom.WeatherForecastTests;
				PRODUCT_NAME = "$(TARGET_NAME)";
				SWIFT_VERSION = 5.0;
				TARGETED_DEVICE_FAMILY = "1,2";
				TEST_HOST = "$(BUILT_PRODUCTS_DIR)/WeatherForecast.app/WeatherForecast";
			};
			name = Debug;
		};
		C79C8D1F25ADDDF400EEE3F1 /* Release */ = {
			isa = XCBuildConfiguration;
			buildSettings = {
				ALWAYS_EMBED_SWIFT_STANDARD_LIBRARIES = YES;
				BUNDLE_LOADER = "$(TEST_HOST)";
				CODE_SIGN_STYLE = Automatic;
				INFOPLIST_FILE = WeatherForecastTests/Info.plist;
				IPHONEOS_DEPLOYMENT_TARGET = 14.3;
				LD_RUNPATH_SEARCH_PATHS = (
					"$(inherited)",
					"@executable_path/Frameworks",
					"@loader_path/Frameworks",
				);
				PRODUCT_BUNDLE_IDENTIFIER = net.yagom.WeatherForecastTests;
				PRODUCT_NAME = "$(TARGET_NAME)";
				SWIFT_VERSION = 5.0;
				TARGETED_DEVICE_FAMILY = "1,2";
				TEST_HOST = "$(BUILT_PRODUCTS_DIR)/WeatherForecast.app/WeatherForecast";
			};
			name = Release;
		};
		C79C8D2125ADDDF400EEE3F1 /* Debug */ = {
			isa = XCBuildConfiguration;
			buildSettings = {
				ALWAYS_EMBED_SWIFT_STANDARD_LIBRARIES = YES;
				CODE_SIGN_STYLE = Automatic;
				INFOPLIST_FILE = WeatherForecastUITests/Info.plist;
				LD_RUNPATH_SEARCH_PATHS = (
					"$(inherited)",
					"@executable_path/Frameworks",
					"@loader_path/Frameworks",
				);
				PRODUCT_BUNDLE_IDENTIFIER = net.yagom.WeatherForecastUITests;
				PRODUCT_NAME = "$(TARGET_NAME)";
				SWIFT_VERSION = 5.0;
				TARGETED_DEVICE_FAMILY = "1,2";
				TEST_TARGET_NAME = WeatherForecast;
			};
			name = Debug;
		};
		C79C8D2225ADDDF400EEE3F1 /* Release */ = {
			isa = XCBuildConfiguration;
			buildSettings = {
				ALWAYS_EMBED_SWIFT_STANDARD_LIBRARIES = YES;
				CODE_SIGN_STYLE = Automatic;
				INFOPLIST_FILE = WeatherForecastUITests/Info.plist;
				LD_RUNPATH_SEARCH_PATHS = (
					"$(inherited)",
					"@executable_path/Frameworks",
					"@loader_path/Frameworks",
				);
				PRODUCT_BUNDLE_IDENTIFIER = net.yagom.WeatherForecastUITests;
				PRODUCT_NAME = "$(TARGET_NAME)";
				SWIFT_VERSION = 5.0;
				TARGETED_DEVICE_FAMILY = "1,2";
				TEST_TARGET_NAME = WeatherForecast;
			};
			name = Release;
		};
/* End XCBuildConfiguration section */

/* Begin XCConfigurationList section */
		C79C8CEB25ADDDF200EEE3F1 /* Build configuration list for PBXProject "WeatherForecast" */ = {
			isa = XCConfigurationList;
			buildConfigurations = (
				C79C8D1825ADDDF400EEE3F1 /* Debug */,
				C79C8D1925ADDDF400EEE3F1 /* Release */,
			);
			defaultConfigurationIsVisible = 0;
			defaultConfigurationName = Release;
		};
		C79C8D1A25ADDDF400EEE3F1 /* Build configuration list for PBXNativeTarget "WeatherForecast" */ = {
			isa = XCConfigurationList;
			buildConfigurations = (
				C79C8D1B25ADDDF400EEE3F1 /* Debug */,
				C79C8D1C25ADDDF400EEE3F1 /* Release */,
			);
			defaultConfigurationIsVisible = 0;
			defaultConfigurationName = Release;
		};
		C79C8D1D25ADDDF400EEE3F1 /* Build configuration list for PBXNativeTarget "WeatherForecastTests" */ = {
			isa = XCConfigurationList;
			buildConfigurations = (
				C79C8D1E25ADDDF400EEE3F1 /* Debug */,
				C79C8D1F25ADDDF400EEE3F1 /* Release */,
			);
			defaultConfigurationIsVisible = 0;
			defaultConfigurationName = Release;
		};
		C79C8D2025ADDDF400EEE3F1 /* Build configuration list for PBXNativeTarget "WeatherForecastUITests" */ = {
			isa = XCConfigurationList;
			buildConfigurations = (
				C79C8D2125ADDDF400EEE3F1 /* Debug */,
				C79C8D2225ADDDF400EEE3F1 /* Release */,
			);
			defaultConfigurationIsVisible = 0;
			defaultConfigurationName = Release;
		};
/* End XCConfigurationList section */
	};
	rootObject = C79C8CE825ADDDF200EEE3F1 /* Project object */;
}
